// !$*UTF8*$!
{
	archiveVersion = 1;
	classes = {
	};
	objectVersion = 46;
	objects = {

/* Begin PBXBuildFile section */
		692A67D81B41239200B023B2 /* Box.framework in Frameworks */ = {isa = PBXBuildFile; fileRef = 692A67D71B41239200B023B2 /* Box.framework */; };
		692A67DA1B4123A000B023B2 /* Result.framework in Frameworks */ = {isa = PBXBuildFile; fileRef = 692A67D91B4123A000B023B2 /* Result.framework */; };
		692A67DE1B41240200B023B2 /* Assertions.framework in Frameworks */ = {isa = PBXBuildFile; fileRef = 692A67DB1B41240200B023B2 /* Assertions.framework */; };
		692A67DF1B41240200B023B2 /* Himotoki.framework in Frameworks */ = {isa = PBXBuildFile; fileRef = 692A67DC1B41240200B023B2 /* Himotoki.framework */; };
		692A67E01B41240200B023B2 /* OHHTTPStubs.framework in Frameworks */ = {isa = PBXBuildFile; fileRef = 692A67DD1B41240200B023B2 /* OHHTTPStubs.framework */; };
		692A67E21B4125BF00B023B2 /* Assertions.framework in Frameworks */ = {isa = PBXBuildFile; fileRef = 692A67DB1B41240200B023B2 /* Assertions.framework */; };
		692A67E31B4125BF00B023B2 /* Assertions.framework in Copy Frameworks */ = {isa = PBXBuildFile; fileRef = 692A67DB1B41240200B023B2 /* Assertions.framework */; settings = {ATTRIBUTES = (CodeSignOnCopy, RemoveHeadersOnCopy, ); }; };
		692A67E41B4125BF00B023B2 /* Himotoki.framework in Frameworks */ = {isa = PBXBuildFile; fileRef = 692A67DC1B41240200B023B2 /* Himotoki.framework */; };
		692A67E51B4125BF00B023B2 /* Himotoki.framework in Copy Frameworks */ = {isa = PBXBuildFile; fileRef = 692A67DC1B41240200B023B2 /* Himotoki.framework */; settings = {ATTRIBUTES = (CodeSignOnCopy, RemoveHeadersOnCopy, ); }; };
		692A67E61B4125BF00B023B2 /* OHHTTPStubs.framework in Frameworks */ = {isa = PBXBuildFile; fileRef = 692A67DD1B41240200B023B2 /* OHHTTPStubs.framework */; };
		692A67E71B4125BF00B023B2 /* OHHTTPStubs.framework in Copy Frameworks */ = {isa = PBXBuildFile; fileRef = 692A67DD1B41240200B023B2 /* OHHTTPStubs.framework */; settings = {ATTRIBUTES = (CodeSignOnCopy, RemoveHeadersOnCopy, ); }; };
		692A67E81B4125BF00B023B2 /* Result.framework in Frameworks */ = {isa = PBXBuildFile; fileRef = 692A67D91B4123A000B023B2 /* Result.framework */; };
		692A67E91B4125BF00B023B2 /* Result.framework in Copy Frameworks */ = {isa = PBXBuildFile; fileRef = 692A67D91B4123A000B023B2 /* Result.framework */; settings = {ATTRIBUTES = (CodeSignOnCopy, RemoveHeadersOnCopy, ); }; };
		692A67EA1B4125BF00B023B2 /* Box.framework in Frameworks */ = {isa = PBXBuildFile; fileRef = 692A67D71B41239200B023B2 /* Box.framework */; };
		692A67EB1B4125BF00B023B2 /* Box.framework in Copy Frameworks */ = {isa = PBXBuildFile; fileRef = 692A67D71B41239200B023B2 /* Box.framework */; settings = {ATTRIBUTES = (CodeSignOnCopy, RemoveHeadersOnCopy, ); }; };
		692A67F91B41262C00B023B2 /* Assertions.framework in Copy Frameworks */ = {isa = PBXBuildFile; fileRef = 692A67EE1B4125E000B023B2 /* Assertions.framework */; settings = {ATTRIBUTES = (CodeSignOnCopy, RemoveHeadersOnCopy, ); }; };
		692A67FA1B41262C00B023B2 /* Box.framework in Copy Frameworks */ = {isa = PBXBuildFile; fileRef = 692A67EF1B4125E000B023B2 /* Box.framework */; settings = {ATTRIBUTES = (CodeSignOnCopy, RemoveHeadersOnCopy, ); }; };
		692A67FB1B41262C00B023B2 /* Himotoki.framework in Copy Frameworks */ = {isa = PBXBuildFile; fileRef = 692A67F01B4125E000B023B2 /* Himotoki.framework */; settings = {ATTRIBUTES = (CodeSignOnCopy, RemoveHeadersOnCopy, ); }; };
		692A67FC1B41262C00B023B2 /* OHHTTPStubs.framework in Copy Frameworks */ = {isa = PBXBuildFile; fileRef = 692A67F11B4125E000B023B2 /* OHHTTPStubs.framework */; settings = {ATTRIBUTES = (CodeSignOnCopy, RemoveHeadersOnCopy, ); }; };
		692A67FD1B41262C00B023B2 /* Result.framework in Copy Frameworks */ = {isa = PBXBuildFile; fileRef = 692A67F21B4125E000B023B2 /* Result.framework */; settings = {ATTRIBUTES = (CodeSignOnCopy, RemoveHeadersOnCopy, ); }; };
		692A67FE1B41266100B023B2 /* Assertions.framework in Frameworks */ = {isa = PBXBuildFile; fileRef = 692A67EE1B4125E000B023B2 /* Assertions.framework */; };
		692A67FF1B41266100B023B2 /* Box.framework in Frameworks */ = {isa = PBXBuildFile; fileRef = 692A67EF1B4125E000B023B2 /* Box.framework */; };
		692A68001B41266100B023B2 /* Himotoki.framework in Frameworks */ = {isa = PBXBuildFile; fileRef = 692A67F01B4125E000B023B2 /* Himotoki.framework */; };
		692A68011B41266100B023B2 /* OHHTTPStubs.framework in Frameworks */ = {isa = PBXBuildFile; fileRef = 692A67F11B4125E000B023B2 /* OHHTTPStubs.framework */; };
		692A68021B41266100B023B2 /* Result.framework in Frameworks */ = {isa = PBXBuildFile; fileRef = 692A67F21B4125E000B023B2 /* Result.framework */; };
		7F08699A1A978790001AD3E1 /* APIKit.framework in Frameworks */ = {isa = PBXBuildFile; fileRef = 7F45FCFE1A94D04D006863BB /* APIKit.framework */; };
		7F0869A01A9787AF001AD3E1 /* RequestBodyBuilderTests.swift in Sources */ = {isa = PBXBuildFile; fileRef = 7F30A8551A975BD600A8C136 /* RequestBodyBuilderTests.swift */; };
		7F0869A11A9787AF001AD3E1 /* ResponseBodyParserTests.swift in Sources */ = {isa = PBXBuildFile; fileRef = 7FEC5A181A96FE2600B1D3C0 /* ResponseBodyParserTests.swift */; };
		7F0869A61A978BCA001AD3E1 /* URLEncodedSerialization.swift in Sources */ = {isa = PBXBuildFile; fileRef = 7F0869A51A978BCA001AD3E1 /* URLEncodedSerialization.swift */; };
		7F0869A71A978BCA001AD3E1 /* URLEncodedSerialization.swift in Sources */ = {isa = PBXBuildFile; fileRef = 7F0869A51A978BCA001AD3E1 /* URLEncodedSerialization.swift */; };
		7F0869A81A979088001AD3E1 /* API.swift in Sources */ = {isa = PBXBuildFile; fileRef = 7F45FD171A94D085006863BB /* API.swift */; };
		7F1B190B1AA2CA1300C7AFCF /* APITests.swift in Sources */ = {isa = PBXBuildFile; fileRef = 7F1B190A1AA2CA1300C7AFCF /* APITests.swift */; };
		7F1B190C1AA2CA1300C7AFCF /* APITests.swift in Sources */ = {isa = PBXBuildFile; fileRef = 7F1B190A1AA2CA1300C7AFCF /* APITests.swift */; };
		7F30A8561A975BD600A8C136 /* RequestBodyBuilderTests.swift in Sources */ = {isa = PBXBuildFile; fileRef = 7F30A8551A975BD600A8C136 /* RequestBodyBuilderTests.swift */; };
		7F45FD181A94D085006863BB /* API.swift in Sources */ = {isa = PBXBuildFile; fileRef = 7F45FD171A94D085006863BB /* API.swift */; };
		7F45FD4D1A94D9A8006863BB /* AppDelegate.swift in Sources */ = {isa = PBXBuildFile; fileRef = 7F45FD4C1A94D9A8006863BB /* AppDelegate.swift */; };
		7F45FD4F1A94D9A9006863BB /* ViewController.swift in Sources */ = {isa = PBXBuildFile; fileRef = 7F45FD4E1A94D9A9006863BB /* ViewController.swift */; };
		7F45FD521A94D9A9006863BB /* Main.storyboard in Resources */ = {isa = PBXBuildFile; fileRef = 7F45FD501A94D9A9006863BB /* Main.storyboard */; };
		7F45FD541A94D9A9006863BB /* Images.xcassets in Resources */ = {isa = PBXBuildFile; fileRef = 7F45FD531A94D9A9006863BB /* Images.xcassets */; };
		7F45FD571A94D9A9006863BB /* LaunchScreen.xib in Resources */ = {isa = PBXBuildFile; fileRef = 7F45FD551A94D9A9006863BB /* LaunchScreen.xib */; };
		7F45FD6B1A94D9F9006863BB /* GitHub.swift in Sources */ = {isa = PBXBuildFile; fileRef = 7F45FD6A1A94D9F9006863BB /* GitHub.swift */; };
		7F45FD6C1A94DA28006863BB /* APIKit.framework in Frameworks */ = {isa = PBXBuildFile; fileRef = 7F45FCDD1A94D02C006863BB /* APIKit.framework */; };
		7F45FD6D1A94DA28006863BB /* APIKit.framework in Copy Frameworks */ = {isa = PBXBuildFile; fileRef = 7F45FCDD1A94D02C006863BB /* APIKit.framework */; settings = {ATTRIBUTES = (CodeSignOnCopy, RemoveHeadersOnCopy, ); }; };
		7F45FD741A94E832006863BB /* Models.swift in Sources */ = {isa = PBXBuildFile; fileRef = 7F45FD731A94E832006863BB /* Models.swift */; };
		7F68ABDA1AC4412E00688D68 /* Request.swift in Sources */ = {isa = PBXBuildFile; fileRef = 7F68ABD91AC4412E00688D68 /* Request.swift */; };
		7F68ABDB1AC4412E00688D68 /* Request.swift in Sources */ = {isa = PBXBuildFile; fileRef = 7F68ABD91AC4412E00688D68 /* Request.swift */; };
		7F68ABDD1AC4414500688D68 /* Method.swift in Sources */ = {isa = PBXBuildFile; fileRef = 7F68ABDC1AC4414500688D68 /* Method.swift */; };
		7F68ABDE1AC4414500688D68 /* Method.swift in Sources */ = {isa = PBXBuildFile; fileRef = 7F68ABDC1AC4414500688D68 /* Method.swift */; };
		7FCBE9DD1A9734880075AFD9 /* RequestBodyBuilder.swift in Sources */ = {isa = PBXBuildFile; fileRef = 7FCBE9DC1A9734880075AFD9 /* RequestBodyBuilder.swift */; };
		7FCBE9DE1A9734880075AFD9 /* RequestBodyBuilder.swift in Sources */ = {isa = PBXBuildFile; fileRef = 7FCBE9DC1A9734880075AFD9 /* RequestBodyBuilder.swift */; };
		7FCBE9E01A9734950075AFD9 /* ResponseBodyParser.swift in Sources */ = {isa = PBXBuildFile; fileRef = 7FCBE9DF1A9734950075AFD9 /* ResponseBodyParser.swift */; };
		7FCBE9E11A9734950075AFD9 /* ResponseBodyParser.swift in Sources */ = {isa = PBXBuildFile; fileRef = 7FCBE9DF1A9734950075AFD9 /* ResponseBodyParser.swift */; };
		7FEC5A191A96FE2600B1D3C0 /* ResponseBodyParserTests.swift in Sources */ = {isa = PBXBuildFile; fileRef = 7FEC5A181A96FE2600B1D3C0 /* ResponseBodyParserTests.swift */; };
		7FEC5A1A1A96FE2600B1D3C0 /* APIKit.framework in Frameworks */ = {isa = PBXBuildFile; fileRef = 7F45FCDD1A94D02C006863BB /* APIKit.framework */; };
		CD51151F1B1FFAC000514240 /* Box.framework in Frameworks */ = {isa = PBXBuildFile; fileRef = CD51151E1B1FFAC000514240 /* Box.framework */; };
		CD5115211B1FFB7000514240 /* Box.framework in Frameworks */ = {isa = PBXBuildFile; fileRef = CD51151E1B1FFAC000514240 /* Box.framework */; };
		CD5115261B1FFBA900514240 /* Result.framework in Frameworks */ = {isa = PBXBuildFile; fileRef = CD5115241B1FFBA900514240 /* Result.framework */; };
		CD5115281B1FFBA900514240 /* Result.framework in Frameworks */ = {isa = PBXBuildFile; fileRef = CD5115241B1FFBA900514240 /* Result.framework */; };
		CD51152C1B1FFCB200514240 /* Assertions.framework in Frameworks */ = {isa = PBXBuildFile; fileRef = CD51152A1B1FFCB200514240 /* Assertions.framework */; };
		CD51152F1B1FFCC700514240 /* OHHTTPStubs.framework in Frameworks */ = {isa = PBXBuildFile; fileRef = CD51152D1B1FFCC700514240 /* OHHTTPStubs.framework */; };
		CD5115341B1FFDA600514240 /* APIKit.framework in Copy Frameworks */ = {isa = PBXBuildFile; fileRef = 7F45FCDD1A94D02C006863BB /* APIKit.framework */; settings = {ATTRIBUTES = (RemoveHeadersOnCopy, ); }; };
/* End PBXBuildFile section */

/* Begin PBXContainerItemProxy section */
		7F08699B1A978790001AD3E1 /* PBXContainerItemProxy */ = {
			isa = PBXContainerItemProxy;
			containerPortal = 7F45FCD41A94D02C006863BB /* Project object */;
			proxyType = 1;
			remoteGlobalIDString = 7F45FCFD1A94D04D006863BB;
			remoteInfo = "APIKit-Mac";
		};
		7F45FD6E1A94DA28006863BB /* PBXContainerItemProxy */ = {
			isa = PBXContainerItemProxy;
			containerPortal = 7F45FCD41A94D02C006863BB /* Project object */;
			proxyType = 1;
			remoteGlobalIDString = 7F45FCDC1A94D02C006863BB;
			remoteInfo = "APIKit-iOS";
		};
		7FEC5A1B1A96FE2600B1D3C0 /* PBXContainerItemProxy */ = {
			isa = PBXContainerItemProxy;
			containerPortal = 7F45FCD41A94D02C006863BB /* Project object */;
			proxyType = 1;
			remoteGlobalIDString = 7F45FCDC1A94D02C006863BB;
			remoteInfo = "APIKit-iOS";
		};
/* End PBXContainerItemProxy section */

/* Begin PBXCopyFilesBuildPhase section */
		7F0869A21A9787D6001AD3E1 /* CopyFiles */ = {
			isa = PBXCopyFilesBuildPhase;
			buildActionMask = 2147483647;
			dstPath = "";
			dstSubfolderSpec = 10;
			files = (
			);
			runOnlyForDeploymentPostprocessing = 0;
		};
		7F45FD701A94DA28006863BB /* Copy Frameworks */ = {
			isa = PBXCopyFilesBuildPhase;
			buildActionMask = 2147483647;
			dstPath = "";
			dstSubfolderSpec = 10;
			files = (
				7F45FD6D1A94DA28006863BB /* APIKit.framework in Copy Frameworks */,
				692A67E71B4125BF00B023B2 /* OHHTTPStubs.framework in Copy Frameworks */,
				692A67E91B4125BF00B023B2 /* Result.framework in Copy Frameworks */,
				692A67EB1B4125BF00B023B2 /* Box.framework in Copy Frameworks */,
				692A67E51B4125BF00B023B2 /* Himotoki.framework in Copy Frameworks */,
				692A67E31B4125BF00B023B2 /* Assertions.framework in Copy Frameworks */,
			);
			name = "Copy Frameworks";
			runOnlyForDeploymentPostprocessing = 0;
		};
		7FEC5A221A97001500B1D3C0 /* Copy Frameworks */ = {
			isa = PBXCopyFilesBuildPhase;
			buildActionMask = 2147483647;
			dstPath = "";
			dstSubfolderSpec = 10;
			files = (
				692A67F91B41262C00B023B2 /* Assertions.framework in Copy Frameworks */,
				692A67FA1B41262C00B023B2 /* Box.framework in Copy Frameworks */,
				692A67FB1B41262C00B023B2 /* Himotoki.framework in Copy Frameworks */,
				692A67FC1B41262C00B023B2 /* OHHTTPStubs.framework in Copy Frameworks */,
				692A67FD1B41262C00B023B2 /* Result.framework in Copy Frameworks */,
				CD5115341B1FFDA600514240 /* APIKit.framework in Copy Frameworks */,
			);
			name = "Copy Frameworks";
			runOnlyForDeploymentPostprocessing = 0;
		};
/* End PBXCopyFilesBuildPhase section */

/* Begin PBXFileReference section */
		692A67D71B41239200B023B2 /* Box.framework */ = {isa = PBXFileReference; lastKnownFileType = wrapper.framework; name = Box.framework; path = Carthage/Build/iOS/Box.framework; sourceTree = "<group>"; };
		692A67D91B4123A000B023B2 /* Result.framework */ = {isa = PBXFileReference; lastKnownFileType = wrapper.framework; name = Result.framework; path = Carthage/Build/iOS/Result.framework; sourceTree = "<group>"; };
		692A67DB1B41240200B023B2 /* Assertions.framework */ = {isa = PBXFileReference; lastKnownFileType = wrapper.framework; name = Assertions.framework; path = Carthage/Build/iOS/Assertions.framework; sourceTree = "<group>"; };
		692A67DC1B41240200B023B2 /* Himotoki.framework */ = {isa = PBXFileReference; lastKnownFileType = wrapper.framework; name = Himotoki.framework; path = Carthage/Build/iOS/Himotoki.framework; sourceTree = "<group>"; };
		692A67DD1B41240200B023B2 /* OHHTTPStubs.framework */ = {isa = PBXFileReference; lastKnownFileType = wrapper.framework; name = OHHTTPStubs.framework; path = Carthage/Build/iOS/OHHTTPStubs.framework; sourceTree = "<group>"; };
		692A67EE1B4125E000B023B2 /* Assertions.framework */ = {isa = PBXFileReference; lastKnownFileType = wrapper.framework; path = Assertions.framework; sourceTree = "<group>"; };
		692A67EF1B4125E000B023B2 /* Box.framework */ = {isa = PBXFileReference; lastKnownFileType = wrapper.framework; path = Box.framework; sourceTree = "<group>"; };
		692A67F01B4125E000B023B2 /* Himotoki.framework */ = {isa = PBXFileReference; lastKnownFileType = wrapper.framework; path = Himotoki.framework; sourceTree = "<group>"; };
		692A67F11B4125E000B023B2 /* OHHTTPStubs.framework */ = {isa = PBXFileReference; lastKnownFileType = wrapper.framework; path = OHHTTPStubs.framework; sourceTree = "<group>"; };
		692A67F21B4125E000B023B2 /* Result.framework */ = {isa = PBXFileReference; lastKnownFileType = wrapper.framework; path = Result.framework; sourceTree = "<group>"; };
		692A67F41B4125E000B023B2 /* Assertions.framework */ = {isa = PBXFileReference; lastKnownFileType = wrapper.framework; path = Assertions.framework; sourceTree = "<group>"; };
		692A67F51B4125E000B023B2 /* Box.framework */ = {isa = PBXFileReference; lastKnownFileType = wrapper.framework; path = Box.framework; sourceTree = "<group>"; };
		692A67F61B4125E000B023B2 /* Himotoki.framework */ = {isa = PBXFileReference; lastKnownFileType = wrapper.framework; path = Himotoki.framework; sourceTree = "<group>"; };
		692A67F71B4125E000B023B2 /* OHHTTPStubs.framework */ = {isa = PBXFileReference; lastKnownFileType = wrapper.framework; path = OHHTTPStubs.framework; sourceTree = "<group>"; };
		692A67F81B4125E000B023B2 /* Result.framework */ = {isa = PBXFileReference; lastKnownFileType = wrapper.framework; path = Result.framework; sourceTree = "<group>"; };
		7F0869941A978790001AD3E1 /* APIKitTests.xctest */ = {isa = PBXFileReference; explicitFileType = wrapper.cfbundle; includeInIndex = 0; path = APIKitTests.xctest; sourceTree = BUILT_PRODUCTS_DIR; };
		7F0869A51A978BCA001AD3E1 /* URLEncodedSerialization.swift */ = {isa = PBXFileReference; fileEncoding = 4; lastKnownFileType = sourcecode.swift; path = URLEncodedSerialization.swift; sourceTree = "<group>"; };
		7F1B190A1AA2CA1300C7AFCF /* APITests.swift */ = {isa = PBXFileReference; fileEncoding = 4; lastKnownFileType = sourcecode.swift; path = APITests.swift; sourceTree = "<group>"; };
		7F30A8551A975BD600A8C136 /* RequestBodyBuilderTests.swift */ = {isa = PBXFileReference; fileEncoding = 4; lastKnownFileType = sourcecode.swift; path = RequestBodyBuilderTests.swift; sourceTree = "<group>"; };
		7F45FCDD1A94D02C006863BB /* APIKit.framework */ = {isa = PBXFileReference; explicitFileType = wrapper.framework; includeInIndex = 0; path = APIKit.framework; sourceTree = BUILT_PRODUCTS_DIR; };
		7F45FCE11A94D02C006863BB /* Info.plist */ = {isa = PBXFileReference; lastKnownFileType = text.plist.xml; path = Info.plist; sourceTree = "<group>"; };
		7F45FCE21A94D02C006863BB /* APIKit.h */ = {isa = PBXFileReference; lastKnownFileType = sourcecode.c.h; path = APIKit.h; sourceTree = "<group>"; };
		7F45FCFE1A94D04D006863BB /* APIKit.framework */ = {isa = PBXFileReference; explicitFileType = wrapper.framework; includeInIndex = 0; path = APIKit.framework; sourceTree = BUILT_PRODUCTS_DIR; };
		7F45FD171A94D085006863BB /* API.swift */ = {isa = PBXFileReference; fileEncoding = 4; lastKnownFileType = sourcecode.swift; path = API.swift; sourceTree = "<group>"; };
		7F45FD481A94D9A8006863BB /* DemoApp.app */ = {isa = PBXFileReference; explicitFileType = wrapper.application; includeInIndex = 0; path = DemoApp.app; sourceTree = BUILT_PRODUCTS_DIR; };
		7F45FD4B1A94D9A8006863BB /* Info.plist */ = {isa = PBXFileReference; lastKnownFileType = text.plist.xml; path = Info.plist; sourceTree = "<group>"; };
		7F45FD4C1A94D9A8006863BB /* AppDelegate.swift */ = {isa = PBXFileReference; lastKnownFileType = sourcecode.swift; path = AppDelegate.swift; sourceTree = "<group>"; };
		7F45FD4E1A94D9A9006863BB /* ViewController.swift */ = {isa = PBXFileReference; lastKnownFileType = sourcecode.swift; path = ViewController.swift; sourceTree = "<group>"; };
		7F45FD511A94D9A9006863BB /* Base */ = {isa = PBXFileReference; lastKnownFileType = file.storyboard; name = Base; path = Base.lproj/Main.storyboard; sourceTree = "<group>"; };
		7F45FD531A94D9A9006863BB /* Images.xcassets */ = {isa = PBXFileReference; lastKnownFileType = folder.assetcatalog; path = Images.xcassets; sourceTree = "<group>"; };
		7F45FD561A94D9A9006863BB /* Base */ = {isa = PBXFileReference; lastKnownFileType = file.xib; name = Base; path = Base.lproj/LaunchScreen.xib; sourceTree = "<group>"; };
		7F45FD6A1A94D9F9006863BB /* GitHub.swift */ = {isa = PBXFileReference; fileEncoding = 4; lastKnownFileType = sourcecode.swift; path = GitHub.swift; sourceTree = "<group>"; };
		7F45FD731A94E832006863BB /* Models.swift */ = {isa = PBXFileReference; fileEncoding = 4; lastKnownFileType = sourcecode.swift; path = Models.swift; sourceTree = "<group>"; };
		7F68ABD91AC4412E00688D68 /* Request.swift */ = {isa = PBXFileReference; fileEncoding = 4; lastKnownFileType = sourcecode.swift; path = Request.swift; sourceTree = "<group>"; };
		7F68ABDC1AC4414500688D68 /* Method.swift */ = {isa = PBXFileReference; fileEncoding = 4; lastKnownFileType = sourcecode.swift; path = Method.swift; sourceTree = "<group>"; };
		7FCBE9DC1A9734880075AFD9 /* RequestBodyBuilder.swift */ = {isa = PBXFileReference; fileEncoding = 4; lastKnownFileType = sourcecode.swift; path = RequestBodyBuilder.swift; sourceTree = "<group>"; };
		7FCBE9DF1A9734950075AFD9 /* ResponseBodyParser.swift */ = {isa = PBXFileReference; fileEncoding = 4; lastKnownFileType = sourcecode.swift; path = ResponseBodyParser.swift; sourceTree = "<group>"; };
		7FEC5A141A96FE2600B1D3C0 /* APIKitTests.xctest */ = {isa = PBXFileReference; explicitFileType = wrapper.cfbundle; includeInIndex = 0; path = APIKitTests.xctest; sourceTree = BUILT_PRODUCTS_DIR; };
		7FEC5A171A96FE2600B1D3C0 /* Info.plist */ = {isa = PBXFileReference; lastKnownFileType = text.plist.xml; path = Info.plist; sourceTree = "<group>"; };
		7FEC5A181A96FE2600B1D3C0 /* ResponseBodyParserTests.swift */ = {isa = PBXFileReference; lastKnownFileType = sourcecode.swift; path = ResponseBodyParserTests.swift; sourceTree = "<group>"; };
		CD51151E1B1FFAC000514240 /* Box.framework */ = {isa = PBXFileReference; lastKnownFileType = wrapper.framework; path = Box.framework; sourceTree = BUILT_PRODUCTS_DIR; };
		CD5115241B1FFBA900514240 /* Result.framework */ = {isa = PBXFileReference; lastKnownFileType = wrapper.framework; path = Result.framework; sourceTree = BUILT_PRODUCTS_DIR; };
		CD51152A1B1FFCB200514240 /* Assertions.framework */ = {isa = PBXFileReference; lastKnownFileType = wrapper.framework; path = Assertions.framework; sourceTree = BUILT_PRODUCTS_DIR; };
		CD51152D1B1FFCC700514240 /* OHHTTPStubs.framework */ = {isa = PBXFileReference; lastKnownFileType = wrapper.framework; path = OHHTTPStubs.framework; sourceTree = BUILT_PRODUCTS_DIR; };
		CD9B38221B2556FD00B1A224 /* Himotoki.framework */ = {isa = PBXFileReference; lastKnownFileType = wrapper.framework; path = Himotoki.framework; sourceTree = BUILT_PRODUCTS_DIR; };
/* End PBXFileReference section */

/* Begin PBXFrameworksBuildPhase section */
		7F0869911A978790001AD3E1 /* Frameworks */ = {
			isa = PBXFrameworksBuildPhase;
			buildActionMask = 2147483647;
			files = (
				CD5115211B1FFB7000514240 /* Box.framework in Frameworks */,
				CD5115281B1FFBA900514240 /* Result.framework in Frameworks */,
				CD51152C1B1FFCB200514240 /* Assertions.framework in Frameworks */,
				CD51152F1B1FFCC700514240 /* OHHTTPStubs.framework in Frameworks */,
				7F08699A1A978790001AD3E1 /* APIKit.framework in Frameworks */,
			);
			runOnlyForDeploymentPostprocessing = 0;
		};
		7F45FCD91A94D02C006863BB /* Frameworks */ = {
			isa = PBXFrameworksBuildPhase;
			buildActionMask = 2147483647;
			files = (
				692A67DE1B41240200B023B2 /* Assertions.framework in Frameworks */,
				692A67DF1B41240200B023B2 /* Himotoki.framework in Frameworks */,
				692A67E01B41240200B023B2 /* OHHTTPStubs.framework in Frameworks */,
				692A67D81B41239200B023B2 /* Box.framework in Frameworks */,
				692A67DA1B4123A000B023B2 /* Result.framework in Frameworks */,
			);
			runOnlyForDeploymentPostprocessing = 0;
		};
		7F45FCFA1A94D04D006863BB /* Frameworks */ = {
			isa = PBXFrameworksBuildPhase;
			buildActionMask = 2147483647;
			files = (
				CD51151F1B1FFAC000514240 /* Box.framework in Frameworks */,
				CD5115261B1FFBA900514240 /* Result.framework in Frameworks */,
			);
			runOnlyForDeploymentPostprocessing = 0;
		};
		7F45FD451A94D9A8006863BB /* Frameworks */ = {
			isa = PBXFrameworksBuildPhase;
			buildActionMask = 2147483647;
			files = (
				692A67E81B4125BF00B023B2 /* Result.framework in Frameworks */,
				692A67EA1B4125BF00B023B2 /* Box.framework in Frameworks */,
				692A67E21B4125BF00B023B2 /* Assertions.framework in Frameworks */,
				692A67E41B4125BF00B023B2 /* Himotoki.framework in Frameworks */,
				692A67E61B4125BF00B023B2 /* OHHTTPStubs.framework in Frameworks */,
				7F45FD6C1A94DA28006863BB /* APIKit.framework in Frameworks */,
			);
			runOnlyForDeploymentPostprocessing = 0;
		};
		7FEC5A111A96FE2600B1D3C0 /* Frameworks */ = {
			isa = PBXFrameworksBuildPhase;
			buildActionMask = 2147483647;
			files = (
				692A67FE1B41266100B023B2 /* Assertions.framework in Frameworks */,
				692A67FF1B41266100B023B2 /* Box.framework in Frameworks */,
				692A68001B41266100B023B2 /* Himotoki.framework in Frameworks */,
				692A68011B41266100B023B2 /* OHHTTPStubs.framework in Frameworks */,
				692A68021B41266100B023B2 /* Result.framework in Frameworks */,
				7FEC5A1A1A96FE2600B1D3C0 /* APIKit.framework in Frameworks */,
			);
			runOnlyForDeploymentPostprocessing = 0;
		};
/* End PBXFrameworksBuildPhase section */

/* Begin PBXGroup section */
		692A67EC1B4125E000B023B2 /* Build */ = {
			isa = PBXGroup;
			children = (
				692A67ED1B4125E000B023B2 /* iOS */,
				692A67F31B4125E000B023B2 /* Mac */,
			);
			name = Build;
			path = Carthage/Build;
			sourceTree = "<group>";
		};
		692A67ED1B4125E000B023B2 /* iOS */ = {
			isa = PBXGroup;
			children = (
				692A67EE1B4125E000B023B2 /* Assertions.framework */,
				692A67EF1B4125E000B023B2 /* Box.framework */,
				692A67F01B4125E000B023B2 /* Himotoki.framework */,
				692A67F11B4125E000B023B2 /* OHHTTPStubs.framework */,
				692A67F21B4125E000B023B2 /* Result.framework */,
			);
			path = iOS;
			sourceTree = "<group>";
		};
		692A67F31B4125E000B023B2 /* Mac */ = {
			isa = PBXGroup;
			children = (
				692A67F41B4125E000B023B2 /* Assertions.framework */,
				692A67F51B4125E000B023B2 /* Box.framework */,
				692A67F61B4125E000B023B2 /* Himotoki.framework */,
				692A67F71B4125E000B023B2 /* OHHTTPStubs.framework */,
				692A67F81B4125E000B023B2 /* Result.framework */,
			);
			path = Mac;
			sourceTree = "<group>";
		};
		7F45FCD31A94D02C006863BB = {
			isa = PBXGroup;
			children = (
				692A67EC1B4125E000B023B2 /* Build */,
				692A67DB1B41240200B023B2 /* Assertions.framework */,
				692A67DC1B41240200B023B2 /* Himotoki.framework */,
				692A67DD1B41240200B023B2 /* OHHTTPStubs.framework */,
				692A67D91B4123A000B023B2 /* Result.framework */,
				692A67D71B41239200B023B2 /* Box.framework */,
				7F45FCDF1A94D02C006863BB /* APIKit */,
				7FEC5A151A96FE2600B1D3C0 /* APIKitTests */,
				7F45FD491A94D9A8006863BB /* DemoApp */,
				7F45FCDE1A94D02C006863BB /* Products */,
			);
			sourceTree = "<group>";
		};
		7F45FCDE1A94D02C006863BB /* Products */ = {
			isa = PBXGroup;
			children = (
				7F45FCDD1A94D02C006863BB /* APIKit.framework */,
				7F45FCFE1A94D04D006863BB /* APIKit.framework */,
				7F45FD481A94D9A8006863BB /* DemoApp.app */,
				7FEC5A141A96FE2600B1D3C0 /* APIKitTests.xctest */,
				7F0869941A978790001AD3E1 /* APIKitTests.xctest */,
			);
			name = Products;
			sourceTree = "<group>";
		};
		7F45FCDF1A94D02C006863BB /* APIKit */ = {
			isa = PBXGroup;
			children = (
				7F45FCE21A94D02C006863BB /* APIKit.h */,
				7F45FD171A94D085006863BB /* API.swift */,
				7F68ABD91AC4412E00688D68 /* Request.swift */,
				7F68ABDC1AC4414500688D68 /* Method.swift */,
				7F0869A51A978BCA001AD3E1 /* URLEncodedSerialization.swift */,
				7FCBE9DC1A9734880075AFD9 /* RequestBodyBuilder.swift */,
				7FCBE9DF1A9734950075AFD9 /* ResponseBodyParser.swift */,
				7F45FCE01A94D02C006863BB /* Supporting Files */,
			);
			path = APIKit;
			sourceTree = "<group>";
		};
		7F45FCE01A94D02C006863BB /* Supporting Files */ = {
			isa = PBXGroup;
			children = (
				CD51151E1B1FFAC000514240 /* Box.framework */,
				CD5115241B1FFBA900514240 /* Result.framework */,
				7F45FCE11A94D02C006863BB /* Info.plist */,
			);
			name = "Supporting Files";
			sourceTree = "<group>";
		};
		7F45FD491A94D9A8006863BB /* DemoApp */ = {
			isa = PBXGroup;
			children = (
				7F45FD4C1A94D9A8006863BB /* AppDelegate.swift */,
				7F45FD4E1A94D9A9006863BB /* ViewController.swift */,
				7F45FD6A1A94D9F9006863BB /* GitHub.swift */,
				7F45FD731A94E832006863BB /* Models.swift */,
				7F45FD501A94D9A9006863BB /* Main.storyboard */,
				7F45FD551A94D9A9006863BB /* LaunchScreen.xib */,
				7F45FD531A94D9A9006863BB /* Images.xcassets */,
				7F45FD4A1A94D9A8006863BB /* Supporting Files */,
			);
			path = DemoApp;
			sourceTree = "<group>";
		};
		7F45FD4A1A94D9A8006863BB /* Supporting Files */ = {
			isa = PBXGroup;
			children = (
				CD9B38221B2556FD00B1A224 /* Himotoki.framework */,
				7F45FD4B1A94D9A8006863BB /* Info.plist */,
			);
			name = "Supporting Files";
			sourceTree = "<group>";
		};
		7FEC5A151A96FE2600B1D3C0 /* APIKitTests */ = {
			isa = PBXGroup;
			children = (
				7F1B190A1AA2CA1300C7AFCF /* APITests.swift */,
				7F30A8551A975BD600A8C136 /* RequestBodyBuilderTests.swift */,
				7FEC5A181A96FE2600B1D3C0 /* ResponseBodyParserTests.swift */,
				7FEC5A161A96FE2600B1D3C0 /* Supporting Files */,
			);
			path = APIKitTests;
			sourceTree = "<group>";
		};
		7FEC5A161A96FE2600B1D3C0 /* Supporting Files */ = {
			isa = PBXGroup;
			children = (
				CD51152A1B1FFCB200514240 /* Assertions.framework */,
				CD51152D1B1FFCC700514240 /* OHHTTPStubs.framework */,
				7FEC5A171A96FE2600B1D3C0 /* Info.plist */,
			);
			name = "Supporting Files";
			sourceTree = "<group>";
		};
/* End PBXGroup section */

/* Begin PBXHeadersBuildPhase section */
		7F45FCDA1A94D02C006863BB /* Headers */ = {
			isa = PBXHeadersBuildPhase;
			buildActionMask = 2147483647;
			files = (
			);
			runOnlyForDeploymentPostprocessing = 0;
		};
		7F45FCFB1A94D04D006863BB /* Headers */ = {
			isa = PBXHeadersBuildPhase;
			buildActionMask = 2147483647;
			files = (
			);
			runOnlyForDeploymentPostprocessing = 0;
		};
/* End PBXHeadersBuildPhase section */

/* Begin PBXNativeTarget section */
		7F0869931A978790001AD3E1 /* APIKitTests-Mac */ = {
			isa = PBXNativeTarget;
			buildConfigurationList = 7F08699D1A978790001AD3E1 /* Build configuration list for PBXNativeTarget "APIKitTests-Mac" */;
			buildPhases = (
				7F0869901A978790001AD3E1 /* Sources */,
				7F0869911A978790001AD3E1 /* Frameworks */,
				7F0869921A978790001AD3E1 /* Resources */,
				7F0869A21A9787D6001AD3E1 /* CopyFiles */,
			);
			buildRules = (
			);
			dependencies = (
				7F08699C1A978790001AD3E1 /* PBXTargetDependency */,
			);
			name = "APIKitTests-Mac";
			productName = APIKitTests;
			productReference = 7F0869941A978790001AD3E1 /* APIKitTests.xctest */;
			productType = "com.apple.product-type.bundle.unit-test";
		};
		7F45FCDC1A94D02C006863BB /* APIKit-iOS */ = {
			isa = PBXNativeTarget;
			buildConfigurationList = 7F45FCF31A94D02C006863BB /* Build configuration list for PBXNativeTarget "APIKit-iOS" */;
			buildPhases = (
				7F45FCD81A94D02C006863BB /* Sources */,
				7F45FCD91A94D02C006863BB /* Frameworks */,
				7F45FCDA1A94D02C006863BB /* Headers */,
				7F45FCDB1A94D02C006863BB /* Resources */,
				692A67E11B41241F00B023B2 /* ShellScript */,
			);
			buildRules = (
			);
			dependencies = (
			);
			name = "APIKit-iOS";
			productName = APIKit;
			productReference = 7F45FCDD1A94D02C006863BB /* APIKit.framework */;
			productType = "com.apple.product-type.framework";
		};
		7F45FCFD1A94D04D006863BB /* APIKit-Mac */ = {
			isa = PBXNativeTarget;
			buildConfigurationList = 7F45FD111A94D04D006863BB /* Build configuration list for PBXNativeTarget "APIKit-Mac" */;
			buildPhases = (
				7F45FCF91A94D04D006863BB /* Sources */,
				7F45FCFA1A94D04D006863BB /* Frameworks */,
				7F45FCFB1A94D04D006863BB /* Headers */,
				7F45FCFC1A94D04D006863BB /* Resources */,
			);
			buildRules = (
			);
			dependencies = (
			);
			name = "APIKit-Mac";
			productName = APIKit;
			productReference = 7F45FCFE1A94D04D006863BB /* APIKit.framework */;
			productType = "com.apple.product-type.framework";
		};
		7F45FD471A94D9A8006863BB /* DemoApp */ = {
			isa = PBXNativeTarget;
			buildConfigurationList = 7F45FD681A94D9A9006863BB /* Build configuration list for PBXNativeTarget "DemoApp" */;
			buildPhases = (
				7F45FD441A94D9A8006863BB /* Sources */,
				7F45FD451A94D9A8006863BB /* Frameworks */,
				7F45FD461A94D9A8006863BB /* Resources */,
				7F45FD701A94DA28006863BB /* Copy Frameworks */,
			);
			buildRules = (
			);
			dependencies = (
				7F45FD6F1A94DA28006863BB /* PBXTargetDependency */,
			);
			name = DemoApp;
			productName = DemoApp;
			productReference = 7F45FD481A94D9A8006863BB /* DemoApp.app */;
			productType = "com.apple.product-type.application";
		};
		7FEC5A131A96FE2600B1D3C0 /* APIKitTests-iOS */ = {
			isa = PBXNativeTarget;
			buildConfigurationList = 7FEC5A1F1A96FE2600B1D3C0 /* Build configuration list for PBXNativeTarget "APIKitTests-iOS" */;
			buildPhases = (
				7FEC5A101A96FE2600B1D3C0 /* Sources */,
				7FEC5A111A96FE2600B1D3C0 /* Frameworks */,
				7FEC5A121A96FE2600B1D3C0 /* Resources */,
				7FEC5A221A97001500B1D3C0 /* Copy Frameworks */,
			);
			buildRules = (
			);
			dependencies = (
				7FEC5A1C1A96FE2600B1D3C0 /* PBXTargetDependency */,
			);
			name = "APIKitTests-iOS";
			productName = APIKitTests;
			productReference = 7FEC5A141A96FE2600B1D3C0 /* APIKitTests.xctest */;
			productType = "com.apple.product-type.bundle.unit-test";
		};
/* End PBXNativeTarget section */

/* Begin PBXProject section */
		7F45FCD41A94D02C006863BB /* Project object */ = {
			isa = PBXProject;
			attributes = {
				LastSwiftUpdateCheck = 0700;
				LastUpgradeCheck = 0610;
				ORGANIZATIONNAME = "Yosuke Ishikawa";
				TargetAttributes = {
					7F0869931A978790001AD3E1 = {
						CreatedOnToolsVersion = 6.1.1;
					};
					7F45FCDC1A94D02C006863BB = {
						CreatedOnToolsVersion = 6.1.1;
					};
					7F45FCFD1A94D04D006863BB = {
						CreatedOnToolsVersion = 6.1.1;
					};
					7F45FD471A94D9A8006863BB = {
						CreatedOnToolsVersion = 6.1.1;
					};
					7FEC5A131A96FE2600B1D3C0 = {
						CreatedOnToolsVersion = 6.1.1;
					};
				};
			};
			buildConfigurationList = 7F45FCD71A94D02C006863BB /* Build configuration list for PBXProject "APIKit" */;
			compatibilityVersion = "Xcode 3.2";
			developmentRegion = English;
			hasScannedForEncodings = 0;
			knownRegions = (
				en,
				Base,
			);
			mainGroup = 7F45FCD31A94D02C006863BB;
			productRefGroup = 7F45FCDE1A94D02C006863BB /* Products */;
			projectDirPath = "";
			projectRoot = "";
			targets = (
				7F45FCDC1A94D02C006863BB /* APIKit-iOS */,
				7F45FCFD1A94D04D006863BB /* APIKit-Mac */,
				7FEC5A131A96FE2600B1D3C0 /* APIKitTests-iOS */,
				7F0869931A978790001AD3E1 /* APIKitTests-Mac */,
				7F45FD471A94D9A8006863BB /* DemoApp */,
			);
		};
/* End PBXProject section */

/* Begin PBXResourcesBuildPhase section */
		7F0869921A978790001AD3E1 /* Resources */ = {
			isa = PBXResourcesBuildPhase;
			buildActionMask = 2147483647;
			files = (
			);
			runOnlyForDeploymentPostprocessing = 0;
		};
		7F45FCDB1A94D02C006863BB /* Resources */ = {
			isa = PBXResourcesBuildPhase;
			buildActionMask = 2147483647;
			files = (
			);
			runOnlyForDeploymentPostprocessing = 0;
		};
		7F45FCFC1A94D04D006863BB /* Resources */ = {
			isa = PBXResourcesBuildPhase;
			buildActionMask = 2147483647;
			files = (
			);
			runOnlyForDeploymentPostprocessing = 0;
		};
		7F45FD461A94D9A8006863BB /* Resources */ = {
			isa = PBXResourcesBuildPhase;
			buildActionMask = 2147483647;
			files = (
				7F45FD521A94D9A9006863BB /* Main.storyboard in Resources */,
				7F45FD571A94D9A9006863BB /* LaunchScreen.xib in Resources */,
				7F45FD541A94D9A9006863BB /* Images.xcassets in Resources */,
			);
			runOnlyForDeploymentPostprocessing = 0;
		};
		7FEC5A121A96FE2600B1D3C0 /* Resources */ = {
			isa = PBXResourcesBuildPhase;
			buildActionMask = 2147483647;
			files = (
			);
			runOnlyForDeploymentPostprocessing = 0;
		};
/* End PBXResourcesBuildPhase section */

/* Begin PBXShellScriptBuildPhase section */
		692A67E11B41241F00B023B2 /* ShellScript */ = {
			isa = PBXShellScriptBuildPhase;
			buildActionMask = 2147483647;
			files = (
			);
			inputPaths = (
				"$(SRCROOT)/Carthage/Build/iOS/Assertions.framework",
				"$(SRCROOT)/Carthage/Build/iOS/Box.framework",
				"$(SRCROOT)/Carthage/Build/iOS/Himotoki.framework",
				"$(SRCROOT)/Carthage/Build/iOS/OHHTTPStubs.framework",
				"$(SRCROOT)/Carthage/Build/iOS/Result.framework",
			);
			outputPaths = (
			);
			runOnlyForDeploymentPostprocessing = 0;
			shellPath = /bin/sh;
			shellScript = "/usr/local/bin/carthage copy-frameworks";
		};
/* End PBXShellScriptBuildPhase section */

/* Begin PBXSourcesBuildPhase section */
		7F0869901A978790001AD3E1 /* Sources */ = {
			isa = PBXSourcesBuildPhase;
			buildActionMask = 2147483647;
			files = (
				7F1B190C1AA2CA1300C7AFCF /* APITests.swift in Sources */,
				7F0869A01A9787AF001AD3E1 /* RequestBodyBuilderTests.swift in Sources */,
				7F0869A11A9787AF001AD3E1 /* ResponseBodyParserTests.swift in Sources */,
			);
			runOnlyForDeploymentPostprocessing = 0;
		};
		7F45FCD81A94D02C006863BB /* Sources */ = {
			isa = PBXSourcesBuildPhase;
			buildActionMask = 2147483647;
			files = (
				7FCBE9DD1A9734880075AFD9 /* RequestBodyBuilder.swift in Sources */,
				7F45FD181A94D085006863BB /* API.swift in Sources */,
				7F68ABDD1AC4414500688D68 /* Method.swift in Sources */,
				7F68ABDA1AC4412E00688D68 /* Request.swift in Sources */,
				7FCBE9E01A9734950075AFD9 /* ResponseBodyParser.swift in Sources */,
				7F0869A61A978BCA001AD3E1 /* URLEncodedSerialization.swift in Sources */,
			);
			runOnlyForDeploymentPostprocessing = 0;
		};
		7F45FCF91A94D04D006863BB /* Sources */ = {
			isa = PBXSourcesBuildPhase;
			buildActionMask = 2147483647;
			files = (
				7FCBE9DE1A9734880075AFD9 /* RequestBodyBuilder.swift in Sources */,
				7F0869A81A979088001AD3E1 /* API.swift in Sources */,
				7F68ABDE1AC4414500688D68 /* Method.swift in Sources */,
				7F68ABDB1AC4412E00688D68 /* Request.swift in Sources */,
				7FCBE9E11A9734950075AFD9 /* ResponseBodyParser.swift in Sources */,
				7F0869A71A978BCA001AD3E1 /* URLEncodedSerialization.swift in Sources */,
			);
			runOnlyForDeploymentPostprocessing = 0;
		};
		7F45FD441A94D9A8006863BB /* Sources */ = {
			isa = PBXSourcesBuildPhase;
			buildActionMask = 2147483647;
			files = (
				7F45FD741A94E832006863BB /* Models.swift in Sources */,
				7F45FD6B1A94D9F9006863BB /* GitHub.swift in Sources */,
				7F45FD4F1A94D9A9006863BB /* ViewController.swift in Sources */,
				7F45FD4D1A94D9A8006863BB /* AppDelegate.swift in Sources */,
			);
			runOnlyForDeploymentPostprocessing = 0;
		};
		7FEC5A101A96FE2600B1D3C0 /* Sources */ = {
			isa = PBXSourcesBuildPhase;
			buildActionMask = 2147483647;
			files = (
				7F1B190B1AA2CA1300C7AFCF /* APITests.swift in Sources */,
				7FEC5A191A96FE2600B1D3C0 /* ResponseBodyParserTests.swift in Sources */,
				7F30A8561A975BD600A8C136 /* RequestBodyBuilderTests.swift in Sources */,
			);
			runOnlyForDeploymentPostprocessing = 0;
		};
/* End PBXSourcesBuildPhase section */

/* Begin PBXTargetDependency section */
		7F08699C1A978790001AD3E1 /* PBXTargetDependency */ = {
			isa = PBXTargetDependency;
			target = 7F45FCFD1A94D04D006863BB /* APIKit-Mac */;
			targetProxy = 7F08699B1A978790001AD3E1 /* PBXContainerItemProxy */;
		};
		7F45FD6F1A94DA28006863BB /* PBXTargetDependency */ = {
			isa = PBXTargetDependency;
			target = 7F45FCDC1A94D02C006863BB /* APIKit-iOS */;
			targetProxy = 7F45FD6E1A94DA28006863BB /* PBXContainerItemProxy */;
		};
		7FEC5A1C1A96FE2600B1D3C0 /* PBXTargetDependency */ = {
			isa = PBXTargetDependency;
			target = 7F45FCDC1A94D02C006863BB /* APIKit-iOS */;
			targetProxy = 7FEC5A1B1A96FE2600B1D3C0 /* PBXContainerItemProxy */;
		};
/* End PBXTargetDependency section */

/* Begin PBXVariantGroup section */
		7F45FD501A94D9A9006863BB /* Main.storyboard */ = {
			isa = PBXVariantGroup;
			children = (
				7F45FD511A94D9A9006863BB /* Base */,
			);
			name = Main.storyboard;
			sourceTree = "<group>";
		};
		7F45FD551A94D9A9006863BB /* LaunchScreen.xib */ = {
			isa = PBXVariantGroup;
			children = (
				7F45FD561A94D9A9006863BB /* Base */,
			);
			name = LaunchScreen.xib;
			sourceTree = "<group>";
		};
/* End PBXVariantGroup section */

/* Begin XCBuildConfiguration section */
		7F08699E1A978790001AD3E1 /* Debug */ = {
			isa = XCBuildConfiguration;
			buildSettings = {
				COMBINE_HIDPI_IMAGES = YES;
				GCC_PREPROCESSOR_DEFINITIONS = (
					"DEBUG=1",
					"$(inherited)",
				);
				INFOPLIST_FILE = APIKitTests/Info.plist;
				LD_RUNPATH_SEARCH_PATHS = "$(inherited) @executable_path/../Frameworks @loader_path/../Frameworks";
				MACOSX_DEPLOYMENT_TARGET = 10.9;
				PRODUCT_NAME = "$(PROJECT_NAME)Tests";
				SDKROOT = macosx;
			};
			name = Debug;
		};
		7F08699F1A978790001AD3E1 /* Release */ = {
			isa = XCBuildConfiguration;
			buildSettings = {
				COMBINE_HIDPI_IMAGES = YES;
				DEBUG_INFORMATION_FORMAT = "dwarf-with-dsym";
				INFOPLIST_FILE = APIKitTests/Info.plist;
				LD_RUNPATH_SEARCH_PATHS = "$(inherited) @executable_path/../Frameworks @loader_path/../Frameworks";
				MACOSX_DEPLOYMENT_TARGET = 10.9;
				PRODUCT_NAME = "$(PROJECT_NAME)Tests";
				SDKROOT = macosx;
			};
			name = Release;
		};
		7F45FCF11A94D02C006863BB /* Debug */ = {
			isa = XCBuildConfiguration;
			buildSettings = {
				ALWAYS_SEARCH_USER_PATHS = NO;
				CLANG_CXX_LANGUAGE_STANDARD = "gnu++0x";
				CLANG_CXX_LIBRARY = "libc++";
				CLANG_ENABLE_MODULES = YES;
				CLANG_ENABLE_OBJC_ARC = YES;
				CLANG_WARN_BOOL_CONVERSION = YES;
				CLANG_WARN_CONSTANT_CONVERSION = YES;
				CLANG_WARN_DIRECT_OBJC_ISA_USAGE = YES_ERROR;
				CLANG_WARN_EMPTY_BODY = YES;
				CLANG_WARN_ENUM_CONVERSION = YES;
				CLANG_WARN_INT_CONVERSION = YES;
				CLANG_WARN_OBJC_ROOT_CLASS = YES_ERROR;
				CLANG_WARN_UNREACHABLE_CODE = YES;
				CLANG_WARN__DUPLICATE_METHOD_MATCH = YES;
				"CODE_SIGN_IDENTITY[sdk=iphoneos*]" = "iPhone Developer";
				COPY_PHASE_STRIP = NO;
				CURRENT_PROJECT_VERSION = 1;
				ENABLE_STRICT_OBJC_MSGSEND = YES;
				GCC_C_LANGUAGE_STANDARD = gnu99;
				GCC_DYNAMIC_NO_PIC = NO;
				GCC_OPTIMIZATION_LEVEL = 0;
				GCC_PREPROCESSOR_DEFINITIONS = (
					"DEBUG=1",
					"$(inherited)",
				);
				GCC_SYMBOLS_PRIVATE_EXTERN = NO;
				GCC_WARN_64_TO_32_BIT_CONVERSION = YES;
				GCC_WARN_ABOUT_RETURN_TYPE = YES_ERROR;
				GCC_WARN_UNDECLARED_SELECTOR = YES;
				GCC_WARN_UNINITIALIZED_AUTOS = YES_AGGRESSIVE;
				GCC_WARN_UNUSED_FUNCTION = YES;
				GCC_WARN_UNUSED_VARIABLE = YES;
				IPHONEOS_DEPLOYMENT_TARGET = 8.0;
				MACOSX_DEPLOYMENT_TARGET = 10.9;
				MTL_ENABLE_DEBUG_INFO = YES;
				ONLY_ACTIVE_ARCH = YES;
				SWIFT_OPTIMIZATION_LEVEL = "-Onone";
				TARGETED_DEVICE_FAMILY = "1,2";
				VERSIONING_SYSTEM = "apple-generic";
				VERSION_INFO_PREFIX = "";
			};
			name = Debug;
		};
		7F45FCF21A94D02C006863BB /* Release */ = {
			isa = XCBuildConfiguration;
			buildSettings = {
				ALWAYS_SEARCH_USER_PATHS = NO;
				CLANG_CXX_LANGUAGE_STANDARD = "gnu++0x";
				CLANG_CXX_LIBRARY = "libc++";
				CLANG_ENABLE_MODULES = YES;
				CLANG_ENABLE_OBJC_ARC = YES;
				CLANG_WARN_BOOL_CONVERSION = YES;
				CLANG_WARN_CONSTANT_CONVERSION = YES;
				CLANG_WARN_DIRECT_OBJC_ISA_USAGE = YES_ERROR;
				CLANG_WARN_EMPTY_BODY = YES;
				CLANG_WARN_ENUM_CONVERSION = YES;
				CLANG_WARN_INT_CONVERSION = YES;
				CLANG_WARN_OBJC_ROOT_CLASS = YES_ERROR;
				CLANG_WARN_UNREACHABLE_CODE = YES;
				CLANG_WARN__DUPLICATE_METHOD_MATCH = YES;
				"CODE_SIGN_IDENTITY[sdk=iphoneos*]" = "iPhone Developer";
				COPY_PHASE_STRIP = YES;
				CURRENT_PROJECT_VERSION = 1;
				ENABLE_NS_ASSERTIONS = NO;
				ENABLE_STRICT_OBJC_MSGSEND = YES;
				GCC_C_LANGUAGE_STANDARD = gnu99;
				GCC_WARN_64_TO_32_BIT_CONVERSION = YES;
				GCC_WARN_ABOUT_RETURN_TYPE = YES_ERROR;
				GCC_WARN_UNDECLARED_SELECTOR = YES;
				GCC_WARN_UNINITIALIZED_AUTOS = YES_AGGRESSIVE;
				GCC_WARN_UNUSED_FUNCTION = YES;
				GCC_WARN_UNUSED_VARIABLE = YES;
				IPHONEOS_DEPLOYMENT_TARGET = 8.0;
				MACOSX_DEPLOYMENT_TARGET = 10.9;
				MTL_ENABLE_DEBUG_INFO = NO;
				TARGETED_DEVICE_FAMILY = "1,2";
				VALIDATE_PRODUCT = YES;
				VERSIONING_SYSTEM = "apple-generic";
				VERSION_INFO_PREFIX = "";
			};
			name = Release;
		};
		7F45FCF41A94D02C006863BB /* Debug */ = {
			isa = XCBuildConfiguration;
			buildSettings = {
				CLANG_ENABLE_MODULES = YES;
				DEFINES_MODULE = YES;
				DYLIB_COMPATIBILITY_VERSION = 1;
				DYLIB_CURRENT_VERSION = 1;
				DYLIB_INSTALL_NAME_BASE = "@rpath";
				FRAMEWORK_SEARCH_PATHS = (
					"$(inherited)",
					"$(PROJECT_DIR)/Carthage/Build/iOS",
				);
				INFOPLIST_FILE = APIKit/Info.plist;
				INSTALL_PATH = "$(LOCAL_LIBRARY_DIR)/Frameworks";
				LD_RUNPATH_SEARCH_PATHS = "$(inherited) @executable_path/Frameworks @loader_path/Frameworks";
				OTHER_SWIFT_FLAGS = "-DAPIKIT_DYNAMIC_FRAMEWORK";
				PRODUCT_NAME = "$(PROJECT_NAME)";
				SDKROOT = iphoneos;
				SKIP_INSTALL = YES;
				SWIFT_OPTIMIZATION_LEVEL = "-Onone";
			};
			name = Debug;
		};
		7F45FCF51A94D02C006863BB /* Release */ = {
			isa = XCBuildConfiguration;
			buildSettings = {
				CLANG_ENABLE_MODULES = YES;
				DEFINES_MODULE = YES;
				DYLIB_COMPATIBILITY_VERSION = 1;
				DYLIB_CURRENT_VERSION = 1;
				DYLIB_INSTALL_NAME_BASE = "@rpath";
				FRAMEWORK_SEARCH_PATHS = (
					"$(inherited)",
					"$(PROJECT_DIR)/Carthage/Build/iOS",
				);
				INFOPLIST_FILE = APIKit/Info.plist;
				INSTALL_PATH = "$(LOCAL_LIBRARY_DIR)/Frameworks";
				LD_RUNPATH_SEARCH_PATHS = "$(inherited) @executable_path/Frameworks @loader_path/Frameworks";
				OTHER_SWIFT_FLAGS = "-DAPIKIT_DYNAMIC_FRAMEWORK";
				PRODUCT_NAME = "$(PROJECT_NAME)";
				SDKROOT = iphoneos;
				SKIP_INSTALL = YES;
			};
			name = Release;
		};
		7F45FD121A94D04D006863BB /* Debug */ = {
			isa = XCBuildConfiguration;
			buildSettings = {
				CLANG_ENABLE_MODULES = YES;
				COMBINE_HIDPI_IMAGES = YES;
				DEFINES_MODULE = YES;
				DYLIB_COMPATIBILITY_VERSION = 1;
				DYLIB_CURRENT_VERSION = 1;
				DYLIB_INSTALL_NAME_BASE = "@rpath";
				FRAMEWORK_VERSION = A;
				GCC_PREPROCESSOR_DEFINITIONS = (
					"DEBUG=1",
					"$(inherited)",
				);
				INFOPLIST_FILE = APIKit/Info.plist;
				INSTALL_PATH = "$(LOCAL_LIBRARY_DIR)/Frameworks";
				LD_RUNPATH_SEARCH_PATHS = "$(inherited) @executable_path/../Frameworks @loader_path/Frameworks";
				MACOSX_DEPLOYMENT_TARGET = 10.9;
				OTHER_SWIFT_FLAGS = "-DAPIKIT_DYNAMIC_FRAMEWORK";
				PRODUCT_NAME = "$(PROJECT_NAME)";
				SDKROOT = macosx;
				SKIP_INSTALL = YES;
				SWIFT_OPTIMIZATION_LEVEL = "-Onone";
			};
			name = Debug;
		};
		7F45FD131A94D04D006863BB /* Release */ = {
			isa = XCBuildConfiguration;
			buildSettings = {
				CLANG_ENABLE_MODULES = YES;
				COMBINE_HIDPI_IMAGES = YES;
				DEBUG_INFORMATION_FORMAT = "dwarf-with-dsym";
				DEFINES_MODULE = YES;
				DYLIB_COMPATIBILITY_VERSION = 1;
				DYLIB_CURRENT_VERSION = 1;
				DYLIB_INSTALL_NAME_BASE = "@rpath";
				FRAMEWORK_VERSION = A;
				INFOPLIST_FILE = APIKit/Info.plist;
				INSTALL_PATH = "$(LOCAL_LIBRARY_DIR)/Frameworks";
				LD_RUNPATH_SEARCH_PATHS = "$(inherited) @executable_path/../Frameworks @loader_path/Frameworks";
				MACOSX_DEPLOYMENT_TARGET = 10.9;
				OTHER_SWIFT_FLAGS = "-DAPIKIT_DYNAMIC_FRAMEWORK";
				PRODUCT_NAME = "$(PROJECT_NAME)";
				SDKROOT = macosx;
				SKIP_INSTALL = YES;
			};
			name = Release;
		};
		7F45FD641A94D9A9006863BB /* Debug */ = {
			isa = XCBuildConfiguration;
			buildSettings = {
				ASSETCATALOG_COMPILER_APPICON_NAME = AppIcon;
				FRAMEWORK_SEARCH_PATHS = (
					"$(inherited)",
					"$(PROJECT_DIR)/Carthage/Build/iOS",
				);
				GCC_PREPROCESSOR_DEFINITIONS = (
					"DEBUG=1",
					"$(inherited)",
				);
				INFOPLIST_FILE = DemoApp/Info.plist;
				LD_RUNPATH_SEARCH_PATHS = "$(inherited) @executable_path/Frameworks";
				PRODUCT_NAME = "$(TARGET_NAME)";
				SDKROOT = iphoneos;
			};
			name = Debug;
		};
		7F45FD651A94D9A9006863BB /* Release */ = {
			isa = XCBuildConfiguration;
			buildSettings = {
				ASSETCATALOG_COMPILER_APPICON_NAME = AppIcon;
				FRAMEWORK_SEARCH_PATHS = (
					"$(inherited)",
					"$(PROJECT_DIR)/Carthage/Build/iOS",
				);
				INFOPLIST_FILE = DemoApp/Info.plist;
				LD_RUNPATH_SEARCH_PATHS = "$(inherited) @executable_path/Frameworks";
				PRODUCT_NAME = "$(TARGET_NAME)";
				SDKROOT = iphoneos;
			};
			name = Release;
		};
		7FEC5A1D1A96FE2600B1D3C0 /* Debug */ = {
			isa = XCBuildConfiguration;
			buildSettings = {
				FRAMEWORK_SEARCH_PATHS = (
					"$(inherited)",
					"$(PROJECT_DIR)/Carthage/Build/iOS",
				);
				GCC_PREPROCESSOR_DEFINITIONS = (
					"DEBUG=1",
					"$(inherited)",
				);
				INFOPLIST_FILE = APIKitTests/Info.plist;
				LD_RUNPATH_SEARCH_PATHS = "$(inherited) @executable_path/Frameworks @loader_path/Frameworks";
				PRODUCT_NAME = "$(PROJECT_NAME)Tests";
				SDKROOT = iphoneos;
			};
			name = Debug;
		};
		7FEC5A1E1A96FE2600B1D3C0 /* Release */ = {
			isa = XCBuildConfiguration;
			buildSettings = {
				FRAMEWORK_SEARCH_PATHS = (
					"$(inherited)",
					"$(PROJECT_DIR)/Carthage/Build/iOS",
				);
				INFOPLIST_FILE = APIKitTests/Info.plist;
				LD_RUNPATH_SEARCH_PATHS = "$(inherited) @executable_path/Frameworks @loader_path/Frameworks";
				PRODUCT_NAME = "$(PROJECT_NAME)Tests";
				SDKROOT = iphoneos;
			};
			name = Release;
		};
/* End XCBuildConfiguration section */

/* Begin XCConfigurationList section */
		7F08699D1A978790001AD3E1 /* Build configuration list for PBXNativeTarget "APIKitTests-Mac" */ = {
			isa = XCConfigurationList;
			buildConfigurations = (
				7F08699E1A978790001AD3E1 /* Debug */,
				7F08699F1A978790001AD3E1 /* Release */,
			);
			defaultConfigurationIsVisible = 0;
			defaultConfigurationName = Release;
		};
		7F45FCD71A94D02C006863BB /* Build configuration list for PBXProject "APIKit" */ = {
			isa = XCConfigurationList;
			buildConfigurations = (
				7F45FCF11A94D02C006863BB /* Debug */,
				7F45FCF21A94D02C006863BB /* Release */,
			);
			defaultConfigurationIsVisible = 0;
			defaultConfigurationName = Release;
		};
		7F45FCF31A94D02C006863BB /* Build configuration list for PBXNativeTarget "APIKit-iOS" */ = {
			isa = XCConfigurationList;
			buildConfigurations = (
				7F45FCF41A94D02C006863BB /* Debug */,
				7F45FCF51A94D02C006863BB /* Release */,
			);
			defaultConfigurationIsVisible = 0;
			defaultConfigurationName = Release;
		};
		7F45FD111A94D04D006863BB /* Build configuration list for PBXNativeTarget "APIKit-Mac" */ = {
			isa = XCConfigurationList;
			buildConfigurations = (
				7F45FD121A94D04D006863BB /* Debug */,
				7F45FD131A94D04D006863BB /* Release */,
			);
			defaultConfigurationIsVisible = 0;
			defaultConfigurationName = Release;
		};
		7F45FD681A94D9A9006863BB /* Build configuration list for PBXNativeTarget "DemoApp" */ = {
			isa = XCConfigurationList;
			buildConfigurations = (
				7F45FD641A94D9A9006863BB /* Debug */,
				7F45FD651A94D9A9006863BB /* Release */,
			);
			defaultConfigurationIsVisible = 0;
			defaultConfigurationName = Release;
		};
		7FEC5A1F1A96FE2600B1D3C0 /* Build configuration list for PBXNativeTarget "APIKitTests-iOS" */ = {
			isa = XCConfigurationList;
			buildConfigurations = (
				7FEC5A1D1A96FE2600B1D3C0 /* Debug */,
				7FEC5A1E1A96FE2600B1D3C0 /* Release */,
			);
			defaultConfigurationIsVisible = 0;
			defaultConfigurationName = Release;
		};
/* End XCConfigurationList section */
	};
	rootObject = 7F45FCD41A94D02C006863BB /* Project object */;
}
