// !$*UTF8*$!
{
	archiveVersion = 1;
	classes = {
	};
	objectVersion = 46;
	objects = {

/* Begin PBXBuildFile section */
		141F12201C1C9ABE0026D415 /* Result.framework in Frameworks */ = {isa = PBXBuildFile; fileRef = CD5115241B1FFBA900514240 /* Result.framework */; };
		141F12311C1C9AC70026D415 /* Result.framework in Frameworks */ = {isa = PBXBuildFile; fileRef = CD5115241B1FFBA900514240 /* Result.framework */; };
		141F12361C1C9AC70026D415 /* Result.framework in Copy Frameworks */ = {isa = PBXBuildFile; fileRef = CD5115241B1FFBA900514240 /* Result.framework */; settings = {ATTRIBUTES = (CodeSignOnCopy, RemoveHeadersOnCopy, ); }; };
		7F698E501D9D680C00F1561D /* FormURLEncodedBodyParametersTests.swift in Sources */ = {isa = PBXBuildFile; fileRef = 7F698E3C1D9D680C00F1561D /* FormURLEncodedBodyParametersTests.swift */; };
		7F698E511D9D680C00F1561D /* JSONBodyParametersTests.swift in Sources */ = {isa = PBXBuildFile; fileRef = 7F698E3D1D9D680C00F1561D /* JSONBodyParametersTests.swift */; };
		7F698E521D9D680C00F1561D /* MultipartFormDataParametersTests.swift in Sources */ = {isa = PBXBuildFile; fileRef = 7F698E3E1D9D680C00F1561D /* MultipartFormDataParametersTests.swift */; };
		7F698E531D9D680C00F1561D /* URLEncodedSerializationTests.swift in Sources */ = {isa = PBXBuildFile; fileRef = 7F698E3F1D9D680C00F1561D /* URLEncodedSerializationTests.swift */; };
		7F698E541D9D680C00F1561D /* FormURLEncodedDataParserTests.swift in Sources */ = {isa = PBXBuildFile; fileRef = 7F698E411D9D680C00F1561D /* FormURLEncodedDataParserTests.swift */; };
		7F698E551D9D680C00F1561D /* JSONDataParserTests.swift in Sources */ = {isa = PBXBuildFile; fileRef = 7F698E421D9D680C00F1561D /* JSONDataParserTests.swift */; };
		7F698E561D9D680C00F1561D /* StringDataParserTests.swift in Sources */ = {isa = PBXBuildFile; fileRef = 7F698E431D9D680C00F1561D /* StringDataParserTests.swift */; };
		7F698E581D9D680C00F1561D /* RequestTests.swift in Sources */ = {isa = PBXBuildFile; fileRef = 7F698E451D9D680C00F1561D /* RequestTests.swift */; };
		7F698E591D9D680C00F1561D /* URLSessionAdapterSubclassTests.swift in Sources */ = {isa = PBXBuildFile; fileRef = 7F698E471D9D680C00F1561D /* URLSessionAdapterSubclassTests.swift */; };
		7F698E5A1D9D680C00F1561D /* URLSessionAdapterTests.swift in Sources */ = {isa = PBXBuildFile; fileRef = 7F698E481D9D680C00F1561D /* URLSessionAdapterTests.swift */; };
		7F698E5B1D9D680C00F1561D /* SessionCallbackQueueTests.swift in Sources */ = {isa = PBXBuildFile; fileRef = 7F698E491D9D680C00F1561D /* SessionCallbackQueueTests.swift */; };
		7F698E5C1D9D680C00F1561D /* SessionTests.swift in Sources */ = {isa = PBXBuildFile; fileRef = 7F698E4A1D9D680C00F1561D /* SessionTests.swift */; };
		7F698E5D1D9D680C00F1561D /* test.json in Resources */ = {isa = PBXBuildFile; fileRef = 7F698E4B1D9D680C00F1561D /* test.json */; };
		7F698E5E1D9D680C00F1561D /* TestRequest.swift in Sources */ = {isa = PBXBuildFile; fileRef = 7F698E4D1D9D680C00F1561D /* TestRequest.swift */; };
		7F698E5F1D9D680C00F1561D /* TestSessionAdapter.swift in Sources */ = {isa = PBXBuildFile; fileRef = 7F698E4E1D9D680C00F1561D /* TestSessionAdapter.swift */; };
		7F698E601D9D680C00F1561D /* TestSessionTask.swift in Sources */ = {isa = PBXBuildFile; fileRef = 7F698E4F1D9D680C00F1561D /* TestSessionTask.swift */; };
		7F7048CD1D9D89BE003C99F6 /* APIKit.h in Headers */ = {isa = PBXBuildFile; fileRef = 7F7048C61D9D89BE003C99F6 /* APIKit.h */; settings = {ATTRIBUTES = (Public, ); }; };
		7F7048CE1D9D89BE003C99F6 /* CallbackQueue.swift in Sources */ = {isa = PBXBuildFile; fileRef = 7F7048C71D9D89BE003C99F6 /* CallbackQueue.swift */; };
		7F7048CF1D9D89BE003C99F6 /* HTTPMethod.swift in Sources */ = {isa = PBXBuildFile; fileRef = 7F7048C81D9D89BE003C99F6 /* HTTPMethod.swift */; };
		7F7048D11D9D89BE003C99F6 /* Request.swift in Sources */ = {isa = PBXBuildFile; fileRef = 7F7048CA1D9D89BE003C99F6 /* Request.swift */; };
		7F7048D21D9D89BE003C99F6 /* Session.swift in Sources */ = {isa = PBXBuildFile; fileRef = 7F7048CB1D9D89BE003C99F6 /* Session.swift */; };
		7F7048D31D9D89BE003C99F6 /* Unavailable.swift in Sources */ = {isa = PBXBuildFile; fileRef = 7F7048CC1D9D89BE003C99F6 /* Unavailable.swift */; };
		7F7048D61D9D89F2003C99F6 /* SessionAdapter.swift in Sources */ = {isa = PBXBuildFile; fileRef = 7F7048D41D9D89F2003C99F6 /* SessionAdapter.swift */; };
		7F7048D71D9D89F2003C99F6 /* URLSessionAdapter.swift in Sources */ = {isa = PBXBuildFile; fileRef = 7F7048D51D9D89F2003C99F6 /* URLSessionAdapter.swift */; };
		7F7048DE1D9D89FB003C99F6 /* AbstractInputStream.m in Sources */ = {isa = PBXBuildFile; fileRef = 7F7048D81D9D89FB003C99F6 /* AbstractInputStream.m */; };
		7F7048DF1D9D89FB003C99F6 /* BodyParameters.swift in Sources */ = {isa = PBXBuildFile; fileRef = 7F7048D91D9D89FB003C99F6 /* BodyParameters.swift */; };
		7F7048E01D9D89FB003C99F6 /* Data+InputStream.swift in Sources */ = {isa = PBXBuildFile; fileRef = 7F7048DA1D9D89FB003C99F6 /* Data+InputStream.swift */; };
		7F7048E11D9D89FB003C99F6 /* FormURLEncodedBodyParameters.swift in Sources */ = {isa = PBXBuildFile; fileRef = 7F7048DB1D9D89FB003C99F6 /* FormURLEncodedBodyParameters.swift */; };
		7F7048E21D9D89FB003C99F6 /* JSONBodyParameters.swift in Sources */ = {isa = PBXBuildFile; fileRef = 7F7048DC1D9D89FB003C99F6 /* JSONBodyParameters.swift */; };
		7F7048E31D9D89FB003C99F6 /* MultipartFormDataBodyParameters.swift in Sources */ = {isa = PBXBuildFile; fileRef = 7F7048DD1D9D89FB003C99F6 /* MultipartFormDataBodyParameters.swift */; };
		7F7048E81D9D8A08003C99F6 /* DataParser.swift in Sources */ = {isa = PBXBuildFile; fileRef = 7F7048E41D9D8A08003C99F6 /* DataParser.swift */; };
		7F7048E91D9D8A08003C99F6 /* FormURLEncodedDataParser.swift in Sources */ = {isa = PBXBuildFile; fileRef = 7F7048E51D9D8A08003C99F6 /* FormURLEncodedDataParser.swift */; };
		7F7048EA1D9D8A08003C99F6 /* JSONDataParser.swift in Sources */ = {isa = PBXBuildFile; fileRef = 7F7048E61D9D8A08003C99F6 /* JSONDataParser.swift */; };
		7F7048EB1D9D8A08003C99F6 /* StringDataParser.swift in Sources */ = {isa = PBXBuildFile; fileRef = 7F7048E71D9D8A08003C99F6 /* StringDataParser.swift */; };
		7F7048EF1D9D8A12003C99F6 /* RequestError.swift in Sources */ = {isa = PBXBuildFile; fileRef = 7F7048EC1D9D8A12003C99F6 /* RequestError.swift */; };
		7F7048F01D9D8A12003C99F6 /* ResponseError.swift in Sources */ = {isa = PBXBuildFile; fileRef = 7F7048ED1D9D8A12003C99F6 /* ResponseError.swift */; };
		7F7048F11D9D8A12003C99F6 /* SessionTaskError.swift in Sources */ = {isa = PBXBuildFile; fileRef = 7F7048EE1D9D8A12003C99F6 /* SessionTaskError.swift */; };
		7F7048F31D9D8A1F003C99F6 /* URLEncodedSerialization.swift in Sources */ = {isa = PBXBuildFile; fileRef = 7F7048F21D9D8A1F003C99F6 /* URLEncodedSerialization.swift */; };
		7FA1690D1D9D8C80006C982B /* HTTPStub.swift in Sources */ = {isa = PBXBuildFile; fileRef = 7FA1690C1D9D8C80006C982B /* HTTPStub.swift */; };
/* End PBXBuildFile section */

/* Begin PBXContainerItemProxy section */
		7F4A73AC1CA839AE002554B1 /* PBXContainerItemProxy */ = {
			isa = PBXContainerItemProxy;
			containerPortal = 7F45FCD41A94D02C006863BB /* Project object */;
			proxyType = 1;
			remoteGlobalIDString = 141F12161C1C9ABE0026D415;
			remoteInfo = APIKit;
		};
/* End PBXContainerItemProxy section */

/* Begin PBXCopyFilesBuildPhase section */
		141F12351C1C9AC70026D415 /* Copy Frameworks */ = {
			isa = PBXCopyFilesBuildPhase;
			buildActionMask = 2147483647;
			dstPath = "";
			dstSubfolderSpec = 10;
			files = (
				141F12361C1C9AC70026D415 /* Result.framework in Copy Frameworks */,
			);
			name = "Copy Frameworks";
			runOnlyForDeploymentPostprocessing = 0;
		};
/* End PBXCopyFilesBuildPhase section */

/* Begin PBXFileReference section */
		141F120F1C1C96820026D415 /* Base.xcconfig */ = {isa = PBXFileReference; lastKnownFileType = text.xcconfig; name = Base.xcconfig; path = Configurations/Base.xcconfig; sourceTree = "<group>"; };
		141F12101C1C96820026D415 /* Debug.xcconfig */ = {isa = PBXFileReference; lastKnownFileType = text.xcconfig; name = Debug.xcconfig; path = Configurations/Debug.xcconfig; sourceTree = "<group>"; };
		141F12111C1C96820026D415 /* Release.xcconfig */ = {isa = PBXFileReference; lastKnownFileType = text.xcconfig; name = Release.xcconfig; path = Configurations/Release.xcconfig; sourceTree = "<group>"; };
		141F12261C1C9ABE0026D415 /* APIKit.framework */ = {isa = PBXFileReference; explicitFileType = wrapper.framework; includeInIndex = 0; path = APIKit.framework; sourceTree = BUILT_PRODUCTS_DIR; };
		141F123C1C1C9AC70026D415 /* APIKitTests.xctest */ = {isa = PBXFileReference; explicitFileType = wrapper.cfbundle; includeInIndex = 0; path = APIKitTests.xctest; sourceTree = BUILT_PRODUCTS_DIR; };
		141F123F1C1C9EA30026D415 /* APIKit.xcconfig */ = {isa = PBXFileReference; lastKnownFileType = text.xcconfig; name = APIKit.xcconfig; path = Configurations/APIKit.xcconfig; sourceTree = "<group>"; };
		141F12401C1C9EA30026D415 /* Tests.xcconfig */ = {isa = PBXFileReference; lastKnownFileType = text.xcconfig; name = Tests.xcconfig; path = Configurations/Tests.xcconfig; sourceTree = "<group>"; };
		7F698E3C1D9D680C00F1561D /* FormURLEncodedBodyParametersTests.swift */ = {isa = PBXFileReference; fileEncoding = 4; lastKnownFileType = sourcecode.swift; path = FormURLEncodedBodyParametersTests.swift; sourceTree = "<group>"; };
		7F698E3D1D9D680C00F1561D /* JSONBodyParametersTests.swift */ = {isa = PBXFileReference; fileEncoding = 4; lastKnownFileType = sourcecode.swift; path = JSONBodyParametersTests.swift; sourceTree = "<group>"; };
		7F698E3E1D9D680C00F1561D /* MultipartFormDataParametersTests.swift */ = {isa = PBXFileReference; fileEncoding = 4; lastKnownFileType = sourcecode.swift; path = MultipartFormDataParametersTests.swift; sourceTree = "<group>"; };
		7F698E3F1D9D680C00F1561D /* URLEncodedSerializationTests.swift */ = {isa = PBXFileReference; fileEncoding = 4; lastKnownFileType = sourcecode.swift; path = URLEncodedSerializationTests.swift; sourceTree = "<group>"; };
		7F698E411D9D680C00F1561D /* FormURLEncodedDataParserTests.swift */ = {isa = PBXFileReference; fileEncoding = 4; lastKnownFileType = sourcecode.swift; path = FormURLEncodedDataParserTests.swift; sourceTree = "<group>"; };
		7F698E421D9D680C00F1561D /* JSONDataParserTests.swift */ = {isa = PBXFileReference; fileEncoding = 4; lastKnownFileType = sourcecode.swift; path = JSONDataParserTests.swift; sourceTree = "<group>"; };
		7F698E431D9D680C00F1561D /* StringDataParserTests.swift */ = {isa = PBXFileReference; fileEncoding = 4; lastKnownFileType = sourcecode.swift; path = StringDataParserTests.swift; sourceTree = "<group>"; };
		7F698E441D9D680C00F1561D /* Info.plist */ = {isa = PBXFileReference; fileEncoding = 4; lastKnownFileType = text.plist.xml; path = Info.plist; sourceTree = "<group>"; };
		7F698E451D9D680C00F1561D /* RequestTests.swift */ = {isa = PBXFileReference; fileEncoding = 4; lastKnownFileType = sourcecode.swift; path = RequestTests.swift; sourceTree = "<group>"; };
		7F698E471D9D680C00F1561D /* URLSessionAdapterSubclassTests.swift */ = {isa = PBXFileReference; fileEncoding = 4; lastKnownFileType = sourcecode.swift; path = URLSessionAdapterSubclassTests.swift; sourceTree = "<group>"; };
		7F698E481D9D680C00F1561D /* URLSessionAdapterTests.swift */ = {isa = PBXFileReference; fileEncoding = 4; lastKnownFileType = sourcecode.swift; path = URLSessionAdapterTests.swift; sourceTree = "<group>"; };
		7F698E491D9D680C00F1561D /* SessionCallbackQueueTests.swift */ = {isa = PBXFileReference; fileEncoding = 4; lastKnownFileType = sourcecode.swift; path = SessionCallbackQueueTests.swift; sourceTree = "<group>"; };
		7F698E4A1D9D680C00F1561D /* SessionTests.swift */ = {isa = PBXFileReference; fileEncoding = 4; lastKnownFileType = sourcecode.swift; path = SessionTests.swift; sourceTree = "<group>"; };
		7F698E4B1D9D680C00F1561D /* test.json */ = {isa = PBXFileReference; fileEncoding = 4; lastKnownFileType = text.json; path = test.json; sourceTree = "<group>"; };
		7F698E4D1D9D680C00F1561D /* TestRequest.swift */ = {isa = PBXFileReference; fileEncoding = 4; lastKnownFileType = sourcecode.swift; path = TestRequest.swift; sourceTree = "<group>"; };
		7F698E4E1D9D680C00F1561D /* TestSessionAdapter.swift */ = {isa = PBXFileReference; fileEncoding = 4; lastKnownFileType = sourcecode.swift; path = TestSessionAdapter.swift; sourceTree = "<group>"; };
		7F698E4F1D9D680C00F1561D /* TestSessionTask.swift */ = {isa = PBXFileReference; fileEncoding = 4; lastKnownFileType = sourcecode.swift; path = TestSessionTask.swift; sourceTree = "<group>"; };
		7F7048C61D9D89BE003C99F6 /* APIKit.h */ = {isa = PBXFileReference; fileEncoding = 4; lastKnownFileType = sourcecode.c.h; name = APIKit.h; path = APIKit/APIKit.h; sourceTree = "<group>"; };
		7F7048C71D9D89BE003C99F6 /* CallbackQueue.swift */ = {isa = PBXFileReference; fileEncoding = 4; lastKnownFileType = sourcecode.swift; name = CallbackQueue.swift; path = APIKit/CallbackQueue.swift; sourceTree = "<group>"; };
		7F7048C81D9D89BE003C99F6 /* HTTPMethod.swift */ = {isa = PBXFileReference; fileEncoding = 4; lastKnownFileType = sourcecode.swift; name = HTTPMethod.swift; path = APIKit/HTTPMethod.swift; sourceTree = "<group>"; };
		7F7048C91D9D89BE003C99F6 /* Info.plist */ = {isa = PBXFileReference; fileEncoding = 4; lastKnownFileType = text.plist.xml; name = Info.plist; path = APIKit/Info.plist; sourceTree = "<group>"; };
		7F7048CA1D9D89BE003C99F6 /* Request.swift */ = {isa = PBXFileReference; fileEncoding = 4; lastKnownFileType = sourcecode.swift; name = Request.swift; path = APIKit/Request.swift; sourceTree = "<group>"; };
		7F7048CB1D9D89BE003C99F6 /* Session.swift */ = {isa = PBXFileReference; fileEncoding = 4; lastKnownFileType = sourcecode.swift; name = Session.swift; path = APIKit/Session.swift; sourceTree = "<group>"; };
		7F7048CC1D9D89BE003C99F6 /* Unavailable.swift */ = {isa = PBXFileReference; fileEncoding = 4; lastKnownFileType = sourcecode.swift; name = Unavailable.swift; path = APIKit/Unavailable.swift; sourceTree = "<group>"; };
		7F7048D41D9D89F2003C99F6 /* SessionAdapter.swift */ = {isa = PBXFileReference; fileEncoding = 4; lastKnownFileType = sourcecode.swift; name = SessionAdapter.swift; path = Sources/APIKit/SessionAdapter/SessionAdapter.swift; sourceTree = SOURCE_ROOT; };
		7F7048D51D9D89F2003C99F6 /* URLSessionAdapter.swift */ = {isa = PBXFileReference; fileEncoding = 4; lastKnownFileType = sourcecode.swift; name = URLSessionAdapter.swift; path = Sources/APIKit/SessionAdapter/URLSessionAdapter.swift; sourceTree = SOURCE_ROOT; };
		7F7048D81D9D89FB003C99F6 /* AbstractInputStream.m */ = {isa = PBXFileReference; fileEncoding = 4; lastKnownFileType = sourcecode.c.objc; name = AbstractInputStream.m; path = Sources/APIKit/BodyParameters/AbstractInputStream.m; sourceTree = SOURCE_ROOT; };
		7F7048D91D9D89FB003C99F6 /* BodyParameters.swift */ = {isa = PBXFileReference; fileEncoding = 4; lastKnownFileType = sourcecode.swift; name = BodyParameters.swift; path = Sources/APIKit/BodyParameters/BodyParameters.swift; sourceTree = SOURCE_ROOT; };
		7F7048DA1D9D89FB003C99F6 /* Data+InputStream.swift */ = {isa = PBXFileReference; fileEncoding = 4; lastKnownFileType = sourcecode.swift; name = "Data+InputStream.swift"; path = "Sources/APIKit/BodyParameters/Data+InputStream.swift"; sourceTree = SOURCE_ROOT; };
		7F7048DB1D9D89FB003C99F6 /* FormURLEncodedBodyParameters.swift */ = {isa = PBXFileReference; fileEncoding = 4; lastKnownFileType = sourcecode.swift; name = FormURLEncodedBodyParameters.swift; path = Sources/APIKit/BodyParameters/FormURLEncodedBodyParameters.swift; sourceTree = SOURCE_ROOT; };
		7F7048DC1D9D89FB003C99F6 /* JSONBodyParameters.swift */ = {isa = PBXFileReference; fileEncoding = 4; lastKnownFileType = sourcecode.swift; name = JSONBodyParameters.swift; path = Sources/APIKit/BodyParameters/JSONBodyParameters.swift; sourceTree = SOURCE_ROOT; };
		7F7048DD1D9D89FB003C99F6 /* MultipartFormDataBodyParameters.swift */ = {isa = PBXFileReference; fileEncoding = 4; lastKnownFileType = sourcecode.swift; name = MultipartFormDataBodyParameters.swift; path = Sources/APIKit/BodyParameters/MultipartFormDataBodyParameters.swift; sourceTree = SOURCE_ROOT; };
		7F7048E41D9D8A08003C99F6 /* DataParser.swift */ = {isa = PBXFileReference; fileEncoding = 4; lastKnownFileType = sourcecode.swift; name = DataParser.swift; path = Sources/APIKit/DataParser/DataParser.swift; sourceTree = SOURCE_ROOT; };
		7F7048E51D9D8A08003C99F6 /* FormURLEncodedDataParser.swift */ = {isa = PBXFileReference; fileEncoding = 4; lastKnownFileType = sourcecode.swift; name = FormURLEncodedDataParser.swift; path = Sources/APIKit/DataParser/FormURLEncodedDataParser.swift; sourceTree = SOURCE_ROOT; };
		7F7048E61D9D8A08003C99F6 /* JSONDataParser.swift */ = {isa = PBXFileReference; fileEncoding = 4; lastKnownFileType = sourcecode.swift; name = JSONDataParser.swift; path = Sources/APIKit/DataParser/JSONDataParser.swift; sourceTree = SOURCE_ROOT; };
		7F7048E71D9D8A08003C99F6 /* StringDataParser.swift */ = {isa = PBXFileReference; fileEncoding = 4; lastKnownFileType = sourcecode.swift; name = StringDataParser.swift; path = Sources/APIKit/DataParser/StringDataParser.swift; sourceTree = SOURCE_ROOT; };
		7F7048EC1D9D8A12003C99F6 /* RequestError.swift */ = {isa = PBXFileReference; fileEncoding = 4; lastKnownFileType = sourcecode.swift; name = RequestError.swift; path = Sources/APIKit/Error/RequestError.swift; sourceTree = SOURCE_ROOT; };
		7F7048ED1D9D8A12003C99F6 /* ResponseError.swift */ = {isa = PBXFileReference; fileEncoding = 4; lastKnownFileType = sourcecode.swift; name = ResponseError.swift; path = Sources/APIKit/Error/ResponseError.swift; sourceTree = SOURCE_ROOT; };
		7F7048EE1D9D8A12003C99F6 /* SessionTaskError.swift */ = {isa = PBXFileReference; fileEncoding = 4; lastKnownFileType = sourcecode.swift; name = SessionTaskError.swift; path = Sources/APIKit/Error/SessionTaskError.swift; sourceTree = SOURCE_ROOT; };
		7F7048F21D9D8A1F003C99F6 /* URLEncodedSerialization.swift */ = {isa = PBXFileReference; fileEncoding = 4; lastKnownFileType = sourcecode.swift; name = URLEncodedSerialization.swift; path = Sources/APIKit/Serializations/URLEncodedSerialization.swift; sourceTree = SOURCE_ROOT; };
		7F8ECDFD1B6A799E00234E04 /* Demo.playground */ = {isa = PBXFileReference; lastKnownFileType = file.playground; path = Demo.playground; sourceTree = "<group>"; };
		7FA1690C1D9D8C80006C982B /* HTTPStub.swift */ = {isa = PBXFileReference; fileEncoding = 4; lastKnownFileType = sourcecode.swift; path = HTTPStub.swift; sourceTree = "<group>"; };
		CD5115241B1FFBA900514240 /* Result.framework */ = {isa = PBXFileReference; lastKnownFileType = wrapper.framework; path = Result.framework; sourceTree = BUILT_PRODUCTS_DIR; };
/* End PBXFileReference section */

/* Begin PBXFrameworksBuildPhase section */
		141F121F1C1C9ABE0026D415 /* Frameworks */ = {
			isa = PBXFrameworksBuildPhase;
			buildActionMask = 2147483647;
			files = (
				141F12201C1C9ABE0026D415 /* Result.framework in Frameworks */,
			);
			runOnlyForDeploymentPostprocessing = 0;
		};
		141F12301C1C9AC70026D415 /* Frameworks */ = {
			isa = PBXFrameworksBuildPhase;
			buildActionMask = 2147483647;
			files = (
				141F12311C1C9AC70026D415 /* Result.framework in Frameworks */,
			);
			runOnlyForDeploymentPostprocessing = 0;
		};
/* End PBXFrameworksBuildPhase section */

/* Begin PBXGroup section */
		141F120E1C1C96690026D415 /* Configurations */ = {
			isa = PBXGroup;
			children = (
				141F120F1C1C96820026D415 /* Base.xcconfig */,
				141F12101C1C96820026D415 /* Debug.xcconfig */,
				141F12111C1C96820026D415 /* Release.xcconfig */,
				141F123F1C1C9EA30026D415 /* APIKit.xcconfig */,
				141F12401C1C9EA30026D415 /* Tests.xcconfig */,
			);
			name = Configurations;
			sourceTree = "<group>";
		};
		7F09BF751C8AE64200F4A59A /* Tests */ = {
			isa = PBXGroup;
			children = (
				7F698E3A1D9D680C00F1561D /* APIKitTests */,
			);
			path = Tests;
			sourceTree = "<group>";
		};
		7F18BD0D1C972C38003A31DF /* BodyParameters */ = {
			isa = PBXGroup;
			children = (
				7F7048D91D9D89FB003C99F6 /* BodyParameters.swift */,
				7F7048DA1D9D89FB003C99F6 /* Data+InputStream.swift */,
				7F7048DB1D9D89FB003C99F6 /* FormURLEncodedBodyParameters.swift */,
				7F7048DC1D9D89FB003C99F6 /* JSONBodyParameters.swift */,
				7F7048DD1D9D89FB003C99F6 /* MultipartFormDataBodyParameters.swift */,
				7F7048D81D9D89FB003C99F6 /* AbstractInputStream.m */,
			);
			path = BodyParameters;
			sourceTree = "<group>";
		};
		7F18BD161C9730ED003A31DF /* Serializations */ = {
			isa = PBXGroup;
			children = (
				7F7048F21D9D8A1F003C99F6 /* URLEncodedSerialization.swift */,
			);
			path = Serializations;
			sourceTree = "<group>";
		};
		7F45FCD31A94D02C006863BB = {
			isa = PBXGroup;
			children = (
				7F8ECDFD1B6A799E00234E04 /* Demo.playground */,
				7F7E8F091C8AD4B1008A13A9 /* Sources */,
				7F09BF751C8AE64200F4A59A /* Tests */,
				141F120E1C1C96690026D415 /* Configurations */,
				7F45FCDE1A94D02C006863BB /* Products */,
			);
			sourceTree = "<group>";
		};
		7F45FCDE1A94D02C006863BB /* Products */ = {
			isa = PBXGroup;
			children = (
				141F12261C1C9ABE0026D415 /* APIKit.framework */,
				141F123C1C1C9AC70026D415 /* APIKitTests.xctest */,
			);
			name = Products;
			sourceTree = "<group>";
		};
		7F698E3A1D9D680C00F1561D /* APIKitTests */ = {
			isa = PBXGroup;
			children = (
				7F698E451D9D680C00F1561D /* RequestTests.swift */,
				7F698E491D9D680C00F1561D /* SessionCallbackQueueTests.swift */,
				7F698E4A1D9D680C00F1561D /* SessionTests.swift */,
				7F698E3B1D9D680C00F1561D /* BodyParametersType */,
				7F698E401D9D680C00F1561D /* DataParserType */,
				7F698E461D9D680C00F1561D /* SessionAdapterType */,
				7F698E4C1D9D680C00F1561D /* TestComponents */,
				7F698E611D9D681500F1561D /* Supporting Files */,
			);
			path = APIKitTests;
			sourceTree = "<group>";
		};
		7F698E3B1D9D680C00F1561D /* BodyParametersType */ = {
			isa = PBXGroup;
			children = (
				7F698E3C1D9D680C00F1561D /* FormURLEncodedBodyParametersTests.swift */,
				7F698E3D1D9D680C00F1561D /* JSONBodyParametersTests.swift */,
				7F698E3E1D9D680C00F1561D /* MultipartFormDataParametersTests.swift */,
				7F698E3F1D9D680C00F1561D /* URLEncodedSerializationTests.swift */,
			);
			path = BodyParametersType;
			sourceTree = "<group>";
		};
		7F698E401D9D680C00F1561D /* DataParserType */ = {
			isa = PBXGroup;
			children = (
				7F698E411D9D680C00F1561D /* FormURLEncodedDataParserTests.swift */,
				7F698E421D9D680C00F1561D /* JSONDataParserTests.swift */,
				7F698E431D9D680C00F1561D /* StringDataParserTests.swift */,
			);
			path = DataParserType;
			sourceTree = "<group>";
		};
		7F698E461D9D680C00F1561D /* SessionAdapterType */ = {
			isa = PBXGroup;
			children = (
				7F698E471D9D680C00F1561D /* URLSessionAdapterSubclassTests.swift */,
				7F698E481D9D680C00F1561D /* URLSessionAdapterTests.swift */,
			);
			path = SessionAdapterType;
			sourceTree = "<group>";
		};
		7F698E4C1D9D680C00F1561D /* TestComponents */ = {
			isa = PBXGroup;
			children = (
				7FA1690C1D9D8C80006C982B /* HTTPStub.swift */,
				7F698E4D1D9D680C00F1561D /* TestRequest.swift */,
				7F698E4E1D9D680C00F1561D /* TestSessionAdapter.swift */,
				7F698E4F1D9D680C00F1561D /* TestSessionTask.swift */,
			);
			path = TestComponents;
			sourceTree = "<group>";
		};
		7F698E611D9D681500F1561D /* Supporting Files */ = {
			isa = PBXGroup;
			children = (
				7F698E441D9D680C00F1561D /* Info.plist */,
				7F698E4B1D9D680C00F1561D /* test.json */,
			);
			name = "Supporting Files";
			sourceTree = "<group>";
		};
		7F7E8F091C8AD4B1008A13A9 /* Sources */ = {
			isa = PBXGroup;
			children = (
				7F7048C71D9D89BE003C99F6 /* CallbackQueue.swift */,
				7F7048C81D9D89BE003C99F6 /* HTTPMethod.swift */,
				7F7048CA1D9D89BE003C99F6 /* Request.swift */,
				7F7048CB1D9D89BE003C99F6 /* Session.swift */,
				7F7048CC1D9D89BE003C99F6 /* Unavailable.swift */,
				7F85FB8B1C9D317300CEE132 /* SessionAdapter */,
				7F18BD0D1C972C38003A31DF /* BodyParameters */,
				7FA19A441C9CC9A2005D25AE /* DataParser */,
				7F18BD161C9730ED003A31DF /* Serializations */,
				7FA19A3D1C9CBF2A005D25AE /* Error */,
				7F7E8F1E1C8AD4E6008A13A9 /* Supporting Files */,
			);
			path = Sources;
			sourceTree = "<group>";
		};
		7F7E8F1E1C8AD4E6008A13A9 /* Supporting Files */ = {
			isa = PBXGroup;
			children = (
				7F7048C61D9D89BE003C99F6 /* APIKit.h */,
				7F7048C91D9D89BE003C99F6 /* Info.plist */,
				CD5115241B1FFBA900514240 /* Result.framework */,
			);
			name = "Supporting Files";
			sourceTree = "<group>";
		};
		7F85FB8B1C9D317300CEE132 /* SessionAdapter */ = {
			isa = PBXGroup;
			children = (
				7F7048D41D9D89F2003C99F6 /* SessionAdapter.swift */,
				7F7048D51D9D89F2003C99F6 /* URLSessionAdapter.swift */,
			);
			path = SessionAdapter;
			sourceTree = "<group>";
		};
		7FA19A3D1C9CBF2A005D25AE /* Error */ = {
			isa = PBXGroup;
			children = (
				7F7048EE1D9D8A12003C99F6 /* SessionTaskError.swift */,
				7F7048EC1D9D8A12003C99F6 /* RequestError.swift */,
				7F7048ED1D9D8A12003C99F6 /* ResponseError.swift */,
			);
			path = Error;
			sourceTree = "<group>";
		};
		7FA19A441C9CC9A2005D25AE /* DataParser */ = {
			isa = PBXGroup;
			children = (
				7F7048E41D9D8A08003C99F6 /* DataParser.swift */,
				7F7048E51D9D8A08003C99F6 /* FormURLEncodedDataParser.swift */,
				7F7048E61D9D8A08003C99F6 /* JSONDataParser.swift */,
				7F7048E71D9D8A08003C99F6 /* StringDataParser.swift */,
			);
			path = DataParser;
			sourceTree = "<group>";
		};
/* End PBXGroup section */

/* Begin PBXHeadersBuildPhase section */
		141F12211C1C9ABE0026D415 /* Headers */ = {
			isa = PBXHeadersBuildPhase;
			buildActionMask = 2147483647;
			files = (
				7F7048CD1D9D89BE003C99F6 /* APIKit.h in Headers */,
			);
			runOnlyForDeploymentPostprocessing = 0;
		};
/* End PBXHeadersBuildPhase section */

/* Begin PBXNativeTarget section */
		141F12161C1C9ABE0026D415 /* APIKit */ = {
			isa = PBXNativeTarget;
			buildConfigurationList = 141F12231C1C9ABE0026D415 /* Build configuration list for PBXNativeTarget "APIKit" */;
			buildPhases = (
				141F12171C1C9ABE0026D415 /* Sources */,
				141F121F1C1C9ABE0026D415 /* Frameworks */,
				141F12211C1C9ABE0026D415 /* Headers */,
				141F12221C1C9ABE0026D415 /* Resources */,
			);
			buildRules = (
			);
			dependencies = (
			);
			name = APIKit;
			productName = APIKit;
			productReference = 141F12261C1C9ABE0026D415 /* APIKit.framework */;
			productType = "com.apple.product-type.framework";
		};
		141F12281C1C9AC70026D415 /* Tests */ = {
			isa = PBXNativeTarget;
			buildConfigurationList = 141F12391C1C9AC70026D415 /* Build configuration list for PBXNativeTarget "Tests" */;
			buildPhases = (
				141F122B1C1C9AC70026D415 /* Sources */,
				141F12301C1C9AC70026D415 /* Frameworks */,
				141F12341C1C9AC70026D415 /* Resources */,
				141F12351C1C9AC70026D415 /* Copy Frameworks */,
			);
			buildRules = (
			);
			dependencies = (
				7F4A73AD1CA839AE002554B1 /* PBXTargetDependency */,
			);
			name = Tests;
			productName = APIKitTests;
			productReference = 141F123C1C1C9AC70026D415 /* APIKitTests.xctest */;
			productType = "com.apple.product-type.bundle.unit-test";
		};
/* End PBXNativeTarget section */

/* Begin PBXProject section */
		7F45FCD41A94D02C006863BB /* Project object */ = {
			isa = PBXProject;
			attributes = {
				LastSwiftUpdateCheck = 0730;
				LastUpgradeCheck = 0800;
				ORGANIZATIONNAME = "Yosuke Ishikawa";
				TargetAttributes = {
					141F12161C1C9ABE0026D415 = {
						LastSwiftMigration = 0800;
					};
					141F12281C1C9AC70026D415 = {
						LastSwiftMigration = 0800;
					};
				};
			};
			buildConfigurationList = 7F45FCD71A94D02C006863BB /* Build configuration list for PBXProject "APIKit" */;
			compatibilityVersion = "Xcode 3.2";
			developmentRegion = English;
			hasScannedForEncodings = 0;
			knownRegions = (
				en,
				Base,
			);
			mainGroup = 7F45FCD31A94D02C006863BB;
			productRefGroup = 7F45FCDE1A94D02C006863BB /* Products */;
			projectDirPath = "";
			projectRoot = "";
			targets = (
				141F12161C1C9ABE0026D415 /* APIKit */,
				141F12281C1C9AC70026D415 /* Tests */,
			);
		};
/* End PBXProject section */

/* Begin PBXResourcesBuildPhase section */
		141F12221C1C9ABE0026D415 /* Resources */ = {
			isa = PBXResourcesBuildPhase;
			buildActionMask = 2147483647;
			files = (
			);
			runOnlyForDeploymentPostprocessing = 0;
		};
		141F12341C1C9AC70026D415 /* Resources */ = {
			isa = PBXResourcesBuildPhase;
			buildActionMask = 2147483647;
			files = (
				7F698E5D1D9D680C00F1561D /* test.json in Resources */,
			);
			runOnlyForDeploymentPostprocessing = 0;
		};
/* End PBXResourcesBuildPhase section */

/* Begin PBXSourcesBuildPhase section */
		141F12171C1C9ABE0026D415 /* Sources */ = {
			isa = PBXSourcesBuildPhase;
			buildActionMask = 2147483647;
			files = (
				7F7048D31D9D89BE003C99F6 /* Unavailable.swift in Sources */,
				7F7048D11D9D89BE003C99F6 /* Request.swift in Sources */,
				7F7048E81D9D8A08003C99F6 /* DataParser.swift in Sources */,
				7F7048CE1D9D89BE003C99F6 /* CallbackQueue.swift in Sources */,
				7F7048DE1D9D89FB003C99F6 /* AbstractInputStream.m in Sources */,
				7F7048E31D9D89FB003C99F6 /* MultipartFormDataBodyParameters.swift in Sources */,
				7F7048F01D9D8A12003C99F6 /* ResponseError.swift in Sources */,
				7F7048EA1D9D8A08003C99F6 /* JSONDataParser.swift in Sources */,
				7F7048D21D9D89BE003C99F6 /* Session.swift in Sources */,
				7F7048E01D9D89FB003C99F6 /* Data+InputStream.swift in Sources */,
				7F7048DF1D9D89FB003C99F6 /* BodyParameters.swift in Sources */,
				7F7048E21D9D89FB003C99F6 /* JSONBodyParameters.swift in Sources */,
				7F7048D61D9D89F2003C99F6 /* SessionAdapter.swift in Sources */,
				7F7048EF1D9D8A12003C99F6 /* RequestError.swift in Sources */,
				7F7048E91D9D8A08003C99F6 /* FormURLEncodedDataParser.swift in Sources */,
				7F7048E11D9D89FB003C99F6 /* FormURLEncodedBodyParameters.swift in Sources */,
				7F7048F11D9D8A12003C99F6 /* SessionTaskError.swift in Sources */,
				7F7048F31D9D8A1F003C99F6 /* URLEncodedSerialization.swift in Sources */,
				7F7048D71D9D89F2003C99F6 /* URLSessionAdapter.swift in Sources */,
				7F7048EB1D9D8A08003C99F6 /* StringDataParser.swift in Sources */,
				7F7048CF1D9D89BE003C99F6 /* HTTPMethod.swift in Sources */,
			);
			runOnlyForDeploymentPostprocessing = 0;
		};
		141F122B1C1C9AC70026D415 /* Sources */ = {
			isa = PBXSourcesBuildPhase;
			buildActionMask = 2147483647;
			files = (
				7F698E5F1D9D680C00F1561D /* TestSessionAdapter.swift in Sources */,
				7F698E5C1D9D680C00F1561D /* SessionTests.swift in Sources */,
				7F698E5B1D9D680C00F1561D /* SessionCallbackQueueTests.swift in Sources */,
				7F698E501D9D680C00F1561D /* FormURLEncodedBodyParametersTests.swift in Sources */,
				7F698E581D9D680C00F1561D /* RequestTests.swift in Sources */,
				7F698E5E1D9D680C00F1561D /* TestRequest.swift in Sources */,
				7F698E601D9D680C00F1561D /* TestSessionTask.swift in Sources */,
				7FA1690D1D9D8C80006C982B /* HTTPStub.swift in Sources */,
				7F698E5A1D9D680C00F1561D /* URLSessionAdapterTests.swift in Sources */,
				7F698E561D9D680C00F1561D /* StringDataParserTests.swift in Sources */,
				7F698E541D9D680C00F1561D /* FormURLEncodedDataParserTests.swift in Sources */,
				7F698E591D9D680C00F1561D /* URLSessionAdapterSubclassTests.swift in Sources */,
				7F698E551D9D680C00F1561D /* JSONDataParserTests.swift in Sources */,
				7F698E511D9D680C00F1561D /* JSONBodyParametersTests.swift in Sources */,
				7F698E521D9D680C00F1561D /* MultipartFormDataParametersTests.swift in Sources */,
				7F698E531D9D680C00F1561D /* URLEncodedSerializationTests.swift in Sources */,
			);
			runOnlyForDeploymentPostprocessing = 0;
		};
/* End PBXSourcesBuildPhase section */

/* Begin PBXTargetDependency section */
		7F4A73AD1CA839AE002554B1 /* PBXTargetDependency */ = {
			isa = PBXTargetDependency;
			target = 141F12161C1C9ABE0026D415 /* APIKit */;
			targetProxy = 7F4A73AC1CA839AE002554B1 /* PBXContainerItemProxy */;
		};
/* End PBXTargetDependency section */

/* Begin XCBuildConfiguration section */
		141F12241C1C9ABE0026D415 /* Debug */ = {
			isa = XCBuildConfiguration;
			baseConfigurationReference = 141F123F1C1C9EA30026D415 /* APIKit.xcconfig */;
			buildSettings = {
				CLANG_ENABLE_MODULES = YES;
				DEFINES_MODULE = YES;
				LD_RUNPATH_SEARCH_PATHS = "$(inherited) @executable_path/Frameworks @loader_path/Frameworks";
				SWIFT_OBJC_BRIDGING_HEADER = "";
				SWIFT_OPTIMIZATION_LEVEL = "-Onone";
			};
			name = Debug;
		};
		141F12251C1C9ABE0026D415 /* Release */ = {
			isa = XCBuildConfiguration;
			baseConfigurationReference = 141F123F1C1C9EA30026D415 /* APIKit.xcconfig */;
			buildSettings = {
				CLANG_ENABLE_MODULES = YES;
				DEFINES_MODULE = YES;
				LD_RUNPATH_SEARCH_PATHS = "$(inherited) @executable_path/Frameworks @loader_path/Frameworks";
				SWIFT_OBJC_BRIDGING_HEADER = "";
				SWIFT_OPTIMIZATION_LEVEL = "-Owholemodule";
			};
			name = Release;
		};
		141F123A1C1C9AC70026D415 /* Debug */ = {
			isa = XCBuildConfiguration;
			baseConfigurationReference = 141F12401C1C9EA30026D415 /* Tests.xcconfig */;
			buildSettings = {
				INFOPLIST_FILE = Tests/APIKitTests/Info.plist;
			};
			name = Debug;
		};
		141F123B1C1C9AC70026D415 /* Release */ = {
			isa = XCBuildConfiguration;
			baseConfigurationReference = 141F12401C1C9EA30026D415 /* Tests.xcconfig */;
			buildSettings = {
				INFOPLIST_FILE = Tests/APIKitTests/Info.plist;
				SWIFT_OPTIMIZATION_LEVEL = "-Owholemodule";
			};
			name = Release;
		};
		7F45FCF11A94D02C006863BB /* Debug */ = {
			isa = XCBuildConfiguration;
			baseConfigurationReference = 141F12101C1C96820026D415 /* Debug.xcconfig */;
			buildSettings = {
				ENABLE_TESTABILITY = YES;
				GCC_NO_COMMON_BLOCKS = YES;
				ONLY_ACTIVE_ARCH = YES;
				SWIFT_VERSION = 3.0;
			};
			name = Debug;
		};
		7F45FCF21A94D02C006863BB /* Release */ = {
			isa = XCBuildConfiguration;
			baseConfigurationReference = 141F12111C1C96820026D415 /* Release.xcconfig */;
			buildSettings = {
				GCC_NO_COMMON_BLOCKS = YES;
				SWIFT_VERSION = 3.0;
			};
			name = Release;
		};
/* End XCBuildConfiguration section */

/* Begin XCConfigurationList section */
		141F12231C1C9ABE0026D415 /* Build configuration list for PBXNativeTarget "APIKit" */ = {
			isa = XCConfigurationList;
			buildConfigurations = (
				141F12241C1C9ABE0026D415 /* Debug */,
				141F12251C1C9ABE0026D415 /* Release */,
			);
			defaultConfigurationIsVisible = 0;
			defaultConfigurationName = Release;
		};
		141F12391C1C9AC70026D415 /* Build configuration list for PBXNativeTarget "Tests" */ = {
			isa = XCConfigurationList;
			buildConfigurations = (
				141F123A1C1C9AC70026D415 /* Debug */,
				141F123B1C1C9AC70026D415 /* Release */,
			);
			defaultConfigurationIsVisible = 0;
			defaultConfigurationName = Release;
		};
		7F45FCD71A94D02C006863BB /* Build configuration list for PBXProject "APIKit" */ = {
			isa = XCConfigurationList;
			buildConfigurations = (
				7F45FCF11A94D02C006863BB /* Debug */,
				7F45FCF21A94D02C006863BB /* Release */,
			);
			defaultConfigurationIsVisible = 0;
			defaultConfigurationName = Release;
		};
/* End XCConfigurationList section */
	};
	rootObject = 7F45FCD41A94D02C006863BB /* Project object */;
}
