// !$*UTF8*$!
{
	archiveVersion = 1;
	classes = {
	};
	objectVersion = 46;
	objects = {

/* Begin PBXBuildFile section */
		141F12181C1C9ABE0026D415 /* RequestBodyBuilder.swift in Sources */ = {isa = PBXBuildFile; fileRef = 7FCBE9DC1A9734880075AFD9 /* RequestBodyBuilder.swift */; };
		141F12191C1C9ABE0026D415 /* Session.swift in Sources */ = {isa = PBXBuildFile; fileRef = 7F45FD171A94D085006863BB /* Session.swift */; };
		141F121A1C1C9ABE0026D415 /* HTTPMethod.swift in Sources */ = {isa = PBXBuildFile; fileRef = 7F68ABDC1AC4414500688D68 /* HTTPMethod.swift */; };
		141F121B1C1C9ABE0026D415 /* RequestType.swift in Sources */ = {isa = PBXBuildFile; fileRef = 7F68ABD91AC4412E00688D68 /* RequestType.swift */; };
		141F121C1C1C9ABE0026D415 /* ResponseBodyParser.swift in Sources */ = {isa = PBXBuildFile; fileRef = 7FCBE9DF1A9734950075AFD9 /* ResponseBodyParser.swift */; };
		141F121D1C1C9ABE0026D415 /* APIError.swift in Sources */ = {isa = PBXBuildFile; fileRef = 7F5FA6B41B3C58210090B0AF /* APIError.swift */; };
		141F121E1C1C9ABE0026D415 /* URLEncodedSerialization.swift in Sources */ = {isa = PBXBuildFile; fileRef = 7F0869A51A978BCA001AD3E1 /* URLEncodedSerialization.swift */; };
		141F12201C1C9ABE0026D415 /* Result.framework in Frameworks */ = {isa = PBXBuildFile; fileRef = CD5115241B1FFBA900514240 /* Result.framework */; };
		141F122C1C1C9AC70026D415 /* APITests.swift in Sources */ = {isa = PBXBuildFile; fileRef = 7F1B190A1AA2CA1300C7AFCF /* APITests.swift */; };
		141F122D1C1C9AC70026D415 /* RequestTypeTests.swift in Sources */ = {isa = PBXBuildFile; fileRef = 19C16B531B83327A001D77CC /* RequestTypeTests.swift */; };
		141F122E1C1C9AC70026D415 /* ResponseBodyParserTests.swift in Sources */ = {isa = PBXBuildFile; fileRef = 7FEC5A181A96FE2600B1D3C0 /* ResponseBodyParserTests.swift */; };
		141F122F1C1C9AC70026D415 /* RequestBodyBuilderTests.swift in Sources */ = {isa = PBXBuildFile; fileRef = 7F30A8551A975BD600A8C136 /* RequestBodyBuilderTests.swift */; };
		141F12311C1C9AC70026D415 /* Result.framework in Frameworks */ = {isa = PBXBuildFile; fileRef = CD5115241B1FFBA900514240 /* Result.framework */; };
		141F12321C1C9AC70026D415 /* OHHTTPStubs.framework in Frameworks */ = {isa = PBXBuildFile; fileRef = CD51152D1B1FFCC700514240 /* OHHTTPStubs.framework */; };
		141F12361C1C9AC70026D415 /* Result.framework in Copy Frameworks */ = {isa = PBXBuildFile; fileRef = CD5115241B1FFBA900514240 /* Result.framework */; settings = {ATTRIBUTES = (CodeSignOnCopy, RemoveHeadersOnCopy, ); }; };
		141F12371C1C9AC70026D415 /* OHHTTPStubs.framework in Copy Frameworks */ = {isa = PBXBuildFile; fileRef = CD51152D1B1FFCC700514240 /* OHHTTPStubs.framework */; settings = {ATTRIBUTES = (CodeSignOnCopy, RemoveHeadersOnCopy, ); }; };
/* End PBXBuildFile section */

/* Begin PBXCopyFilesBuildPhase section */
		141F12351C1C9AC70026D415 /* Copy Frameworks */ = {
			isa = PBXCopyFilesBuildPhase;
			buildActionMask = 2147483647;
			dstPath = "";
			dstSubfolderSpec = 10;
			files = (
				141F12361C1C9AC70026D415 /* Result.framework in Copy Frameworks */,
				141F12371C1C9AC70026D415 /* OHHTTPStubs.framework in Copy Frameworks */,
			);
			name = "Copy Frameworks";
			runOnlyForDeploymentPostprocessing = 0;
		};
/* End PBXCopyFilesBuildPhase section */

/* Begin PBXFileReference section */
		141F120F1C1C96820026D415 /* Base.xcconfig */ = {isa = PBXFileReference; lastKnownFileType = text.xcconfig; name = Base.xcconfig; path = Configurations/Base.xcconfig; sourceTree = "<group>"; };
		141F12101C1C96820026D415 /* Debug.xcconfig */ = {isa = PBXFileReference; lastKnownFileType = text.xcconfig; name = Debug.xcconfig; path = Configurations/Debug.xcconfig; sourceTree = "<group>"; };
		141F12111C1C96820026D415 /* Release.xcconfig */ = {isa = PBXFileReference; lastKnownFileType = text.xcconfig; name = Release.xcconfig; path = Configurations/Release.xcconfig; sourceTree = "<group>"; };
		141F12261C1C9ABE0026D415 /* APIKit.framework */ = {isa = PBXFileReference; explicitFileType = wrapper.framework; includeInIndex = 0; path = APIKit.framework; sourceTree = BUILT_PRODUCTS_DIR; };
		141F123C1C1C9AC70026D415 /* APIKitTests.xctest */ = {isa = PBXFileReference; explicitFileType = wrapper.cfbundle; includeInIndex = 0; path = APIKitTests.xctest; sourceTree = BUILT_PRODUCTS_DIR; };
		141F123F1C1C9EA30026D415 /* APIKit.xcconfig */ = {isa = PBXFileReference; lastKnownFileType = text.xcconfig; name = APIKit.xcconfig; path = Configurations/APIKit.xcconfig; sourceTree = "<group>"; };
		141F12401C1C9EA30026D415 /* Tests.xcconfig */ = {isa = PBXFileReference; lastKnownFileType = text.xcconfig; name = Tests.xcconfig; path = Configurations/Tests.xcconfig; sourceTree = "<group>"; };
		19C16B531B83327A001D77CC /* RequestTypeTests.swift */ = {isa = PBXFileReference; fileEncoding = 4; lastKnownFileType = sourcecode.swift; path = RequestTypeTests.swift; sourceTree = "<group>"; };
		7F0869A51A978BCA001AD3E1 /* URLEncodedSerialization.swift */ = {isa = PBXFileReference; fileEncoding = 4; lastKnownFileType = sourcecode.swift; path = URLEncodedSerialization.swift; sourceTree = "<group>"; };
		7F1B190A1AA2CA1300C7AFCF /* APITests.swift */ = {isa = PBXFileReference; fileEncoding = 4; lastKnownFileType = sourcecode.swift; path = APITests.swift; sourceTree = "<group>"; };
		7F30A8551A975BD600A8C136 /* RequestBodyBuilderTests.swift */ = {isa = PBXFileReference; fileEncoding = 4; lastKnownFileType = sourcecode.swift; path = RequestBodyBuilderTests.swift; sourceTree = "<group>"; };
		7F45FCE11A94D02C006863BB /* Info.plist */ = {isa = PBXFileReference; lastKnownFileType = text.plist.xml; path = Info.plist; sourceTree = "<group>"; };
		7F45FCE21A94D02C006863BB /* APIKit.h */ = {isa = PBXFileReference; lastKnownFileType = sourcecode.c.h; path = APIKit.h; sourceTree = "<group>"; };
		7F45FD171A94D085006863BB /* Session.swift */ = {isa = PBXFileReference; fileEncoding = 4; lastKnownFileType = sourcecode.swift; path = Session.swift; sourceTree = "<group>"; };
		7F5FA6B41B3C58210090B0AF /* APIError.swift */ = {isa = PBXFileReference; fileEncoding = 4; lastKnownFileType = sourcecode.swift; path = APIError.swift; sourceTree = "<group>"; };
		7F68ABD91AC4412E00688D68 /* RequestType.swift */ = {isa = PBXFileReference; fileEncoding = 4; lastKnownFileType = sourcecode.swift; path = RequestType.swift; sourceTree = "<group>"; };
		7F68ABDC1AC4414500688D68 /* HTTPMethod.swift */ = {isa = PBXFileReference; fileEncoding = 4; lastKnownFileType = sourcecode.swift; path = HTTPMethod.swift; sourceTree = "<group>"; };
		7F8ECDFD1B6A799E00234E04 /* Demo.playground */ = {isa = PBXFileReference; lastKnownFileType = file.playground; path = Demo.playground; sourceTree = "<group>"; };
		7FCBE9DC1A9734880075AFD9 /* RequestBodyBuilder.swift */ = {isa = PBXFileReference; fileEncoding = 4; lastKnownFileType = sourcecode.swift; path = RequestBodyBuilder.swift; sourceTree = "<group>"; };
		7FCBE9DF1A9734950075AFD9 /* ResponseBodyParser.swift */ = {isa = PBXFileReference; fileEncoding = 4; lastKnownFileType = sourcecode.swift; path = ResponseBodyParser.swift; sourceTree = "<group>"; };
		7FEC5A171A96FE2600B1D3C0 /* Info.plist */ = {isa = PBXFileReference; lastKnownFileType = text.plist.xml; path = Info.plist; sourceTree = "<group>"; };
		7FEC5A181A96FE2600B1D3C0 /* ResponseBodyParserTests.swift */ = {isa = PBXFileReference; lastKnownFileType = sourcecode.swift; path = ResponseBodyParserTests.swift; sourceTree = "<group>"; };
		CD5115241B1FFBA900514240 /* Result.framework */ = {isa = PBXFileReference; lastKnownFileType = wrapper.framework; path = Result.framework; sourceTree = BUILT_PRODUCTS_DIR; };
		CD51152D1B1FFCC700514240 /* OHHTTPStubs.framework */ = {isa = PBXFileReference; lastKnownFileType = wrapper.framework; path = OHHTTPStubs.framework; sourceTree = BUILT_PRODUCTS_DIR; };
/* End PBXFileReference section */

/* Begin PBXFrameworksBuildPhase section */
		141F121F1C1C9ABE0026D415 /* Frameworks */ = {
			isa = PBXFrameworksBuildPhase;
			buildActionMask = 2147483647;
			files = (
				141F12201C1C9ABE0026D415 /* Result.framework in Frameworks */,
			);
			runOnlyForDeploymentPostprocessing = 0;
		};
		141F12301C1C9AC70026D415 /* Frameworks */ = {
			isa = PBXFrameworksBuildPhase;
			buildActionMask = 2147483647;
			files = (
				141F12311C1C9AC70026D415 /* Result.framework in Frameworks */,
				141F12321C1C9AC70026D415 /* OHHTTPStubs.framework in Frameworks */,
			);
			runOnlyForDeploymentPostprocessing = 0;
		};
/* End PBXFrameworksBuildPhase section */

/* Begin PBXGroup section */
		141F120E1C1C96690026D415 /* Configurations */ = {
			isa = PBXGroup;
			children = (
				141F120F1C1C96820026D415 /* Base.xcconfig */,
				141F12101C1C96820026D415 /* Debug.xcconfig */,
				141F12111C1C96820026D415 /* Release.xcconfig */,
				141F123F1C1C9EA30026D415 /* APIKit.xcconfig */,
				141F12401C1C9EA30026D415 /* Tests.xcconfig */,
			);
			name = Configurations;
			sourceTree = "<group>";
		};
		7F45FCD31A94D02C006863BB = {
			isa = PBXGroup;
			children = (
				7F8ECDFD1B6A799E00234E04 /* Demo.playground */,
				7F45FCDF1A94D02C006863BB /* APIKit */,
				7FEC5A151A96FE2600B1D3C0 /* APIKitTests */,
				141F120E1C1C96690026D415 /* Configurations */,
				7F45FCDE1A94D02C006863BB /* Products */,
			);
			sourceTree = "<group>";
		};
		7F45FCDE1A94D02C006863BB /* Products */ = {
			isa = PBXGroup;
			children = (
				141F12261C1C9ABE0026D415 /* APIKit.framework */,
				141F123C1C1C9AC70026D415 /* APIKitTests.xctest */,
			);
			name = Products;
			sourceTree = "<group>";
		};
		7F45FCDF1A94D02C006863BB /* APIKit */ = {
			isa = PBXGroup;
			children = (
				7F45FCE21A94D02C006863BB /* APIKit.h */,
				7F45FD171A94D085006863BB /* Session.swift */,
				7F68ABD91AC4412E00688D68 /* RequestType.swift */,
				7F68ABDC1AC4414500688D68 /* HTTPMethod.swift */,
				7F5FA6B41B3C58210090B0AF /* APIError.swift */,
				7F0869A51A978BCA001AD3E1 /* URLEncodedSerialization.swift */,
				7FCBE9DC1A9734880075AFD9 /* RequestBodyBuilder.swift */,
				7FCBE9DF1A9734950075AFD9 /* ResponseBodyParser.swift */,
				7F45FCE01A94D02C006863BB /* Supporting Files */,
			);
			path = APIKit;
			sourceTree = "<group>";
		};
		7F45FCE01A94D02C006863BB /* Supporting Files */ = {
			isa = PBXGroup;
			children = (
				CD5115241B1FFBA900514240 /* Result.framework */,
				7F45FCE11A94D02C006863BB /* Info.plist */,
			);
			name = "Supporting Files";
			sourceTree = "<group>";
		};
		7FEC5A151A96FE2600B1D3C0 /* APIKitTests */ = {
			isa = PBXGroup;
			children = (
				7F1B190A1AA2CA1300C7AFCF /* APITests.swift */,
				19C16B531B83327A001D77CC /* RequestTypeTests.swift */,
				7F30A8551A975BD600A8C136 /* RequestBodyBuilderTests.swift */,
				7FEC5A181A96FE2600B1D3C0 /* ResponseBodyParserTests.swift */,
				7FEC5A161A96FE2600B1D3C0 /* Supporting Files */,
			);
			path = APIKitTests;
			sourceTree = "<group>";
		};
		7FEC5A161A96FE2600B1D3C0 /* Supporting Files */ = {
			isa = PBXGroup;
			children = (
				CD51152D1B1FFCC700514240 /* OHHTTPStubs.framework */,
				7FEC5A171A96FE2600B1D3C0 /* Info.plist */,
			);
			name = "Supporting Files";
			sourceTree = "<group>";
		};
/* End PBXGroup section */

/* Begin PBXHeadersBuildPhase section */
		141F12211C1C9ABE0026D415 /* Headers */ = {
			isa = PBXHeadersBuildPhase;
			buildActionMask = 2147483647;
			files = (
			);
			runOnlyForDeploymentPostprocessing = 0;
		};
/* End PBXHeadersBuildPhase section */

/* Begin PBXNativeTarget section */
		141F12161C1C9ABE0026D415 /* APIKit */ = {
			isa = PBXNativeTarget;
			buildConfigurationList = 141F12231C1C9ABE0026D415 /* Build configuration list for PBXNativeTarget "APIKit" */;
			buildPhases = (
				141F12171C1C9ABE0026D415 /* Sources */,
				141F121F1C1C9ABE0026D415 /* Frameworks */,
				141F12211C1C9ABE0026D415 /* Headers */,
				141F12221C1C9ABE0026D415 /* Resources */,
			);
			buildRules = (
			);
			dependencies = (
			);
			name = APIKit;
			productName = APIKit;
			productReference = 141F12261C1C9ABE0026D415 /* APIKit.framework */;
			productType = "com.apple.product-type.framework";
		};
		141F12281C1C9AC70026D415 /* Tests */ = {
			isa = PBXNativeTarget;
			buildConfigurationList = 141F12391C1C9AC70026D415 /* Build configuration list for PBXNativeTarget "Tests" */;
			buildPhases = (
				141F122B1C1C9AC70026D415 /* Sources */,
				141F12301C1C9AC70026D415 /* Frameworks */,
				141F12341C1C9AC70026D415 /* Resources */,
				141F12351C1C9AC70026D415 /* Copy Frameworks */,
			);
			buildRules = (
			);
			dependencies = (
			);
			name = Tests;
			productName = APIKitTests;
			productReference = 141F123C1C1C9AC70026D415 /* APIKitTests.xctest */;
			productType = "com.apple.product-type.bundle.unit-test";
		};
/* End PBXNativeTarget section */

/* Begin PBXProject section */
		7F45FCD41A94D02C006863BB /* Project object */ = {
			isa = PBXProject;
			attributes = {
				LastSwiftUpdateCheck = 0700;
				LastUpgradeCheck = 0700;
				ORGANIZATIONNAME = "Yosuke Ishikawa";
			};
			buildConfigurationList = 7F45FCD71A94D02C006863BB /* Build configuration list for PBXProject "APIKit" */;
			compatibilityVersion = "Xcode 3.2";
			developmentRegion = English;
			hasScannedForEncodings = 0;
			knownRegions = (
				en,
				Base,
			);
			mainGroup = 7F45FCD31A94D02C006863BB;
			productRefGroup = 7F45FCDE1A94D02C006863BB /* Products */;
			projectDirPath = "";
			projectRoot = "";
			targets = (
				141F12161C1C9ABE0026D415 /* APIKit */,
				141F12281C1C9AC70026D415 /* Tests */,
			);
		};
/* End PBXProject section */

/* Begin PBXResourcesBuildPhase section */
		141F12221C1C9ABE0026D415 /* Resources */ = {
			isa = PBXResourcesBuildPhase;
			buildActionMask = 2147483647;
			files = (
			);
			runOnlyForDeploymentPostprocessing = 0;
		};
		141F12341C1C9AC70026D415 /* Resources */ = {
			isa = PBXResourcesBuildPhase;
			buildActionMask = 2147483647;
			files = (
			);
			runOnlyForDeploymentPostprocessing = 0;
		};
/* End PBXResourcesBuildPhase section */

/* Begin PBXSourcesBuildPhase section */
		141F12171C1C9ABE0026D415 /* Sources */ = {
			isa = PBXSourcesBuildPhase;
			buildActionMask = 2147483647;
			files = (
				141F12181C1C9ABE0026D415 /* RequestBodyBuilder.swift in Sources */,
				141F12191C1C9ABE0026D415 /* Session.swift in Sources */,
				141F121A1C1C9ABE0026D415 /* HTTPMethod.swift in Sources */,
				141F121B1C1C9ABE0026D415 /* RequestType.swift in Sources */,
				141F121C1C1C9ABE0026D415 /* ResponseBodyParser.swift in Sources */,
				141F121D1C1C9ABE0026D415 /* APIError.swift in Sources */,
				141F121E1C1C9ABE0026D415 /* URLEncodedSerialization.swift in Sources */,
			);
			runOnlyForDeploymentPostprocessing = 0;
		};
		141F122B1C1C9AC70026D415 /* Sources */ = {
			isa = PBXSourcesBuildPhase;
			buildActionMask = 2147483647;
			files = (
				141F122C1C1C9AC70026D415 /* APITests.swift in Sources */,
				141F122D1C1C9AC70026D415 /* RequestTypeTests.swift in Sources */,
				141F122E1C1C9AC70026D415 /* ResponseBodyParserTests.swift in Sources */,
				141F122F1C1C9AC70026D415 /* RequestBodyBuilderTests.swift in Sources */,
			);
			runOnlyForDeploymentPostprocessing = 0;
		};
/* End PBXSourcesBuildPhase section */

/* Begin XCBuildConfiguration section */
		141F12241C1C9ABE0026D415 /* Debug */ = {
			isa = XCBuildConfiguration;
			baseConfigurationReference = 141F123F1C1C9EA30026D415 /* APIKit.xcconfig */;
			buildSettings = {
			};
			name = Debug;
		};
		141F12251C1C9ABE0026D415 /* Release */ = {
			isa = XCBuildConfiguration;
			baseConfigurationReference = 141F123F1C1C9EA30026D415 /* APIKit.xcconfig */;
			buildSettings = {
			};
			name = Release;
		};
		141F123A1C1C9AC70026D415 /* Debug */ = {
			isa = XCBuildConfiguration;
			baseConfigurationReference = 141F12401C1C9EA30026D415 /* Tests.xcconfig */;
			buildSettings = {
			};
			name = Debug;
		};
		141F123B1C1C9AC70026D415 /* Release */ = {
			isa = XCBuildConfiguration;
			baseConfigurationReference = 141F12401C1C9EA30026D415 /* Tests.xcconfig */;
			buildSettings = {
			};
			name = Release;
		};
		7F45FCF11A94D02C006863BB /* Debug */ = {
			isa = XCBuildConfiguration;
			baseConfigurationReference = 141F12101C1C96820026D415 /* Debug.xcconfig */;
			buildSettings = {
			};
			name = Debug;
		};
		7F45FCF21A94D02C006863BB /* Release */ = {
			isa = XCBuildConfiguration;
			baseConfigurationReference = 141F12111C1C96820026D415 /* Release.xcconfig */;
			buildSettings = {
			};
			name = Release;
		};
/* End XCBuildConfiguration section */

/* Begin XCConfigurationList section */
		141F12231C1C9ABE0026D415 /* Build configuration list for PBXNativeTarget "APIKit" */ = {
			isa = XCConfigurationList;
			buildConfigurations = (
				141F12241C1C9ABE0026D415 /* Debug */,
				141F12251C1C9ABE0026D415 /* Release */,
			);
			defaultConfigurationIsVisible = 0;
			defaultConfigurationName = Release;
		};
		141F12391C1C9AC70026D415 /* Build configuration list for PBXNativeTarget "Tests" */ = {
			isa = XCConfigurationList;
			buildConfigurations = (
				141F123A1C1C9AC70026D415 /* Debug */,
				141F123B1C1C9AC70026D415 /* Release */,
			);
			defaultConfigurationIsVisible = 0;
			defaultConfigurationName = Release;
		};
		7F45FCD71A94D02C006863BB /* Build configuration list for PBXProject "APIKit" */ = {
			isa = XCConfigurationList;
			buildConfigurations = (
				7F45FCF11A94D02C006863BB /* Debug */,
				7F45FCF21A94D02C006863BB /* Release */,
			);
			defaultConfigurationIsVisible = 0;
			defaultConfigurationName = Release;
		};
/* End XCConfigurationList section */
	};
	rootObject = 7F45FCD41A94D02C006863BB /* Project object */;
}
